// !$*UTF8*$!
{
	archiveVersion = 1;
	classes = {
	};
	objectVersion = 46;
	objects = {

/* Begin PBXBuildFile section */
		07599400136C69C90040D454 /* ObjectPropertiesJSONMapper.h in Headers */ = {isa = PBXBuildFile; fileRef = 075993FE136C69C90040D454 /* ObjectPropertiesJSONMapper.h */; };
		07599401136C69C90040D454 /* ObjectPropertiesJSONMapper.m in Sources */ = {isa = PBXBuildFile; fileRef = 075993FF136C69C90040D454 /* ObjectPropertiesJSONMapper.m */; };
		07599404136D8DCE0040D454 /* CIAPIObjectResponse.h in Headers */ = {isa = PBXBuildFile; fileRef = 07599402136D8DCE0040D454 /* CIAPIObjectResponse.h */; };
		07599405136D8DCE0040D454 /* CIAPIObjectResponse.m in Sources */ = {isa = PBXBuildFile; fileRef = 07599403136D8DCE0040D454 /* CIAPIObjectResponse.m */; };
		07599408136D8F670040D454 /* CIAPIGetClientAndTradingAccountRequest.h in Headers */ = {isa = PBXBuildFile; fileRef = 07599406136D8F670040D454 /* CIAPIGetClientAndTradingAccountRequest.h */; };
		07599409136D8F670040D454 /* CIAPIGetClientAndTradingAccountRequest.m in Sources */ = {isa = PBXBuildFile; fileRef = 07599407136D8F670040D454 /* CIAPIGetClientAndTradingAccountRequest.m */; };
		0759940E136D905A0040D454 /* CIAPIAccountInformationResponse.h in Headers */ = {isa = PBXBuildFile; fileRef = 0759940C136D905A0040D454 /* CIAPIAccountInformationResponse.h */; };
		0759940F136D905A0040D454 /* CIAPIAccountInformationResponse.m in Sources */ = {isa = PBXBuildFile; fileRef = 0759940D136D905A0040D454 /* CIAPIAccountInformationResponse.m */; };
		07599413136D91170040D454 /* CIAPITradingAccount.h in Headers */ = {isa = PBXBuildFile; fileRef = 07599411136D91170040D454 /* CIAPITradingAccount.h */; };
		07599414136D91170040D454 /* CIAPITradingAccount.m in Sources */ = {isa = PBXBuildFile; fileRef = 07599412136D91170040D454 /* CIAPITradingAccount.m */; };
		07599417136D92A00040D454 /* DTORequests.h in Headers */ = {isa = PBXBuildFile; fileRef = 07599415136D92A00040D454 /* DTORequests.h */; };
		07599419136D94800040D454 /* DTORequests.m in Sources */ = {isa = PBXBuildFile; fileRef = 07599416136D92A00040D454 /* DTORequests.m */; };
		0759941C136DB62C0040D454 /* CIAPIObjectListResponse.h in Headers */ = {isa = PBXBuildFile; fileRef = 0759941A136DB62C0040D454 /* CIAPIObjectListResponse.h */; };
		0759941D136DB62C0040D454 /* CIAPIObjectListResponse.m in Sources */ = {isa = PBXBuildFile; fileRef = 0759941B136DB62C0040D454 /* CIAPIObjectListResponse.m */; };
		075A1FAE134B717D0012A094 /* CIAPIApiActiveStopLimitOrder.h in Headers */ = {isa = PBXBuildFile; fileRef = 075A1F57134B717D0012A094 /* CIAPIApiActiveStopLimitOrder.h */; };
		075A1FAF134B717D0012A094 /* CIAPIApiActiveStopLimitOrder.m in Sources */ = {isa = PBXBuildFile; fileRef = 075A1F58134B717D0012A094 /* CIAPIApiActiveStopLimitOrder.m */; };
		075A1FB0134B717D0012A094 /* CIAPIApiBasicStopLimitOrder.h in Headers */ = {isa = PBXBuildFile; fileRef = 075A1F59134B717D0012A094 /* CIAPIApiBasicStopLimitOrder.h */; };
		075A1FB1134B717D0012A094 /* CIAPIApiBasicStopLimitOrder.m in Sources */ = {isa = PBXBuildFile; fileRef = 075A1F5A134B717D0012A094 /* CIAPIApiBasicStopLimitOrder.m */; };
		075A1FB2134B717D0012A094 /* CIAPIApiIfDoneResponse.h in Headers */ = {isa = PBXBuildFile; fileRef = 075A1F5B134B717D0012A094 /* CIAPIApiIfDoneResponse.h */; };
		075A1FB3134B717D0012A094 /* CIAPIApiIfDoneResponse.m in Sources */ = {isa = PBXBuildFile; fileRef = 075A1F5C134B717D0012A094 /* CIAPIApiIfDoneResponse.m */; };
		075A1FB4134B717D0012A094 /* CIAPIApiOpenPosition.h in Headers */ = {isa = PBXBuildFile; fileRef = 075A1F5D134B717D0012A094 /* CIAPIApiOpenPosition.h */; };
		075A1FB5134B717D0012A094 /* CIAPIApiOpenPosition.m in Sources */ = {isa = PBXBuildFile; fileRef = 075A1F5E134B717D0012A094 /* CIAPIApiOpenPosition.m */; };
		075A1FB6134B717D0012A094 /* CIAPIApiOrderResponse.h in Headers */ = {isa = PBXBuildFile; fileRef = 075A1F5F134B717D0012A094 /* CIAPIApiOrderResponse.h */; };
		075A1FB7134B717D0012A094 /* CIAPIApiOrderResponse.m in Sources */ = {isa = PBXBuildFile; fileRef = 075A1F60134B717D0012A094 /* CIAPIApiOrderResponse.m */; };
		075A1FB8134B717D0012A094 /* CIAPIApiQuoteResponse.h in Headers */ = {isa = PBXBuildFile; fileRef = 075A1F61134B717D0012A094 /* CIAPIApiQuoteResponse.h */; };
		075A1FB9134B717D0012A094 /* CIAPIApiQuoteResponse.m in Sources */ = {isa = PBXBuildFile; fileRef = 075A1F62134B717D0012A094 /* CIAPIApiQuoteResponse.m */; };
		075A1FBA134B717D0012A094 /* CIAPIApiStopLimitOrderHistory.h in Headers */ = {isa = PBXBuildFile; fileRef = 075A1F63134B717D0012A094 /* CIAPIApiStopLimitOrderHistory.h */; };
		075A1FBB134B717D0012A094 /* CIAPIApiStopLimitOrderHistory.m in Sources */ = {isa = PBXBuildFile; fileRef = 075A1F64134B717D0012A094 /* CIAPIApiStopLimitOrderHistory.m */; };
		075A1FBC134B717D0012A094 /* CIAPIApiStopLimitResponse.h in Headers */ = {isa = PBXBuildFile; fileRef = 075A1F65134B717D0012A094 /* CIAPIApiStopLimitResponse.h */; };
		075A1FBD134B717D0012A094 /* CIAPIApiStopLimitResponse.m in Sources */ = {isa = PBXBuildFile; fileRef = 075A1F66134B717D0012A094 /* CIAPIApiStopLimitResponse.m */; };
		075A1FBE134B717D0012A094 /* CIAPIApiTradeHistory.h in Headers */ = {isa = PBXBuildFile; fileRef = 075A1F67134B717D0012A094 /* CIAPIApiTradeHistory.h */; };
		075A1FBF134B717D0012A094 /* CIAPIApiTradeHistory.m in Sources */ = {isa = PBXBuildFile; fileRef = 075A1F68134B717D0012A094 /* CIAPIApiTradeHistory.m */; };
		075A1FC0134B717D0012A094 /* CIAPIApiTradeOrderResponse.h in Headers */ = {isa = PBXBuildFile; fileRef = 075A1F69134B717D0012A094 /* CIAPIApiTradeOrderResponse.h */; };
		075A1FC1134B717D0012A094 /* CIAPIApiTradeOrderResponse.m in Sources */ = {isa = PBXBuildFile; fileRef = 075A1F6A134B717D0012A094 /* CIAPIApiTradeOrderResponse.m */; };
		075A1FC2134B717D0012A094 /* CIAPICancelOrderRequest.h in Headers */ = {isa = PBXBuildFile; fileRef = 075A1F6B134B717D0012A094 /* CIAPICancelOrderRequest.h */; };
		075A1FC3134B717D0012A094 /* CIAPICancelOrderRequest.m in Sources */ = {isa = PBXBuildFile; fileRef = 075A1F6C134B717D0012A094 /* CIAPICancelOrderRequest.m */; };
		075A1FC4134B717D0012A094 /* CIAPIClientAccountMargin.h in Headers */ = {isa = PBXBuildFile; fileRef = 075A1F6D134B717D0012A094 /* CIAPIClientAccountMargin.h */; };
		075A1FC5134B717D0012A094 /* CIAPIClientAccountMargin.m in Sources */ = {isa = PBXBuildFile; fileRef = 075A1F6E134B717D0012A094 /* CIAPIClientAccountMargin.m */; };
		075A1FC6134B717D0012A094 /* CIAPICreateSessionResponse.h in Headers */ = {isa = PBXBuildFile; fileRef = 075A1F6F134B717D0012A094 /* CIAPICreateSessionResponse.h */; };
		075A1FC7134B717D0012A094 /* CIAPICreateSessionResponse.m in Sources */ = {isa = PBXBuildFile; fileRef = 075A1F70134B717D0012A094 /* CIAPICreateSessionResponse.m */; };
		075A1FC8134B717D0012A094 /* CIAPIDataTypeObjects.h in Headers */ = {isa = PBXBuildFile; fileRef = 075A1F71134B717D0012A094 /* CIAPIDataTypeObjects.h */; };
		075A1FC9134B717D0012A094 /* CIAPIErrorResponse.h in Headers */ = {isa = PBXBuildFile; fileRef = 075A1F72134B717D0012A094 /* CIAPIErrorResponse.h */; };
		075A1FCA134B717D0012A094 /* CIAPIErrorResponse.m in Sources */ = {isa = PBXBuildFile; fileRef = 075A1F73134B717D0012A094 /* CIAPIErrorResponse.m */; };
		075A1FCB134B717D0012A094 /* CIAPIG2SessionValidationResponse.h in Headers */ = {isa = PBXBuildFile; fileRef = 075A1F74134B717D0012A094 /* CIAPIG2SessionValidationResponse.h */; };
		075A1FCC134B717D0012A094 /* CIAPIG2SessionValidationResponse.m in Sources */ = {isa = PBXBuildFile; fileRef = 075A1F75134B717D0012A094 /* CIAPIG2SessionValidationResponse.m */; };
		075A1FCD134B717D0012A094 /* CIAPIGatewayIfDone.h in Headers */ = {isa = PBXBuildFile; fileRef = 075A1F76134B717D0012A094 /* CIAPIGatewayIfDone.h */; };
		075A1FCE134B717D0012A094 /* CIAPIGatewayIfDone.m in Sources */ = {isa = PBXBuildFile; fileRef = 075A1F77134B717D0012A094 /* CIAPIGatewayIfDone.m */; };
		075A1FCF134B717D0012A094 /* CIAPIGatewayOrder.h in Headers */ = {isa = PBXBuildFile; fileRef = 075A1F78134B717D0012A094 /* CIAPIGatewayOrder.h */; };
		075A1FD0134B717D0012A094 /* CIAPIGatewayOrder.m in Sources */ = {isa = PBXBuildFile; fileRef = 075A1F79134B717D0012A094 /* CIAPIGatewayOrder.m */; };
		075A1FD1134B717D0012A094 /* CIAPIGatewayStopLimitOrder.h in Headers */ = {isa = PBXBuildFile; fileRef = 075A1F7A134B717D0012A094 /* CIAPIGatewayStopLimitOrder.h */; };
		075A1FD2134B717D0012A094 /* CIAPIGatewayStopLimitOrder.m in Sources */ = {isa = PBXBuildFile; fileRef = 075A1F7B134B717D0012A094 /* CIAPIGatewayStopLimitOrder.m */; };
		075A1FD3134B717D0012A094 /* CIAPIGetNewsDetailResponse.h in Headers */ = {isa = PBXBuildFile; fileRef = 075A1F7C134B717D0012A094 /* CIAPIGetNewsDetailResponse.h */; };
		075A1FD4134B717D0012A094 /* CIAPIGetNewsDetailResponse.m in Sources */ = {isa = PBXBuildFile; fileRef = 075A1F7D134B717D0012A094 /* CIAPIGetNewsDetailResponse.m */; };
		075A1FD5134B717D0012A094 /* CIAPIGetPriceBarResponse.h in Headers */ = {isa = PBXBuildFile; fileRef = 075A1F7E134B717D0012A094 /* CIAPIGetPriceBarResponse.h */; };
		075A1FD6134B717D0012A094 /* CIAPIGetPriceBarResponse.m in Sources */ = {isa = PBXBuildFile; fileRef = 075A1F7F134B717D0012A094 /* CIAPIGetPriceBarResponse.m */; };
		075A1FD7134B717D0012A094 /* CIAPIGetPriceTickResponse.h in Headers */ = {isa = PBXBuildFile; fileRef = 075A1F80134B717D0012A094 /* CIAPIGetPriceTickResponse.h */; };
		075A1FD8134B717D0012A094 /* CIAPIGetPriceTickResponse.m in Sources */ = {isa = PBXBuildFile; fileRef = 075A1F81134B717D0012A094 /* CIAPIGetPriceTickResponse.m */; };
		075A1FD9134B717D0012A094 /* CIAPIListActiveStopLimitOrderResponse.h in Headers */ = {isa = PBXBuildFile; fileRef = 075A1F82134B717D0012A094 /* CIAPIListActiveStopLimitOrderResponse.h */; };
		075A1FDA134B717D0012A094 /* CIAPIListActiveStopLimitOrderResponse.m in Sources */ = {isa = PBXBuildFile; fileRef = 075A1F83134B717D0012A094 /* CIAPIListActiveStopLimitOrderResponse.m */; };
		075A1FDB134B717D0012A094 /* CIAPIListCfdMarketsResponse.h in Headers */ = {isa = PBXBuildFile; fileRef = 075A1F84134B717D0012A094 /* CIAPIListCfdMarketsResponse.h */; };
		075A1FDC134B717D0012A094 /* CIAPIListCfdMarketsResponse.m in Sources */ = {isa = PBXBuildFile; fileRef = 075A1F85134B717D0012A094 /* CIAPIListCfdMarketsResponse.m */; };
		075A1FDD134B717D0012A094 /* CIAPIListNewsHeadlinesResponse.h in Headers */ = {isa = PBXBuildFile; fileRef = 075A1F86134B717D0012A094 /* CIAPIListNewsHeadlinesResponse.h */; };
		075A1FDE134B717D0012A094 /* CIAPIListNewsHeadlinesResponse.m in Sources */ = {isa = PBXBuildFile; fileRef = 075A1F87134B717D0012A094 /* CIAPIListNewsHeadlinesResponse.m */; };
		075A1FDF134B717D0012A094 /* CIAPIListOpenPositionsResponse.h in Headers */ = {isa = PBXBuildFile; fileRef = 075A1F88134B717D0012A094 /* CIAPIListOpenPositionsResponse.h */; };
		075A1FE0134B717D0012A094 /* CIAPIListOpenPositionsResponse.m in Sources */ = {isa = PBXBuildFile; fileRef = 075A1F89134B717D0012A094 /* CIAPIListOpenPositionsResponse.m */; };
		075A1FE1134B717D0012A094 /* CIAPIListOrdersResponse.h in Headers */ = {isa = PBXBuildFile; fileRef = 075A1F8A134B717D0012A094 /* CIAPIListOrdersResponse.h */; };
		075A1FE2134B717D0012A094 /* CIAPIListOrdersResponse.m in Sources */ = {isa = PBXBuildFile; fileRef = 075A1F8B134B717D0012A094 /* CIAPIListOrdersResponse.m */; };
		075A1FE3134B717D0012A094 /* CIAPIListSpreadMarketsResponse.h in Headers */ = {isa = PBXBuildFile; fileRef = 075A1F8C134B717D0012A094 /* CIAPIListSpreadMarketsResponse.h */; };
		075A1FE4134B717D0012A094 /* CIAPIListSpreadMarketsResponse.m in Sources */ = {isa = PBXBuildFile; fileRef = 075A1F8D134B717D0012A094 /* CIAPIListSpreadMarketsResponse.m */; };
		075A1FE5134B717D0012A094 /* CIAPIListStopLimitOrderHistoryResponse.h in Headers */ = {isa = PBXBuildFile; fileRef = 075A1F8E134B717D0012A094 /* CIAPIListStopLimitOrderHistoryResponse.h */; };
		075A1FE6134B717D0012A094 /* CIAPIListStopLimitOrderHistoryResponse.m in Sources */ = {isa = PBXBuildFile; fileRef = 075A1F8F134B717D0012A094 /* CIAPIListStopLimitOrderHistoryResponse.m */; };
		075A1FE7134B717D0012A094 /* CIAPIListTradeHistoryResponse.h in Headers */ = {isa = PBXBuildFile; fileRef = 075A1F90134B717D0012A094 /* CIAPIListTradeHistoryResponse.h */; };
		075A1FE8134B717D0012A094 /* CIAPIListTradeHistoryResponse.m in Sources */ = {isa = PBXBuildFile; fileRef = 075A1F91134B717D0012A094 /* CIAPIListTradeHistoryResponse.m */; };
		075A1FE9134B717D0012A094 /* CIAPILogOnRequest.h in Headers */ = {isa = PBXBuildFile; fileRef = 075A1F92134B717D0012A094 /* CIAPILogOnRequest.h */; };
		075A1FEA134B717D0012A094 /* CIAPILogOnRequest.m in Sources */ = {isa = PBXBuildFile; fileRef = 075A1F93134B717D0012A094 /* CIAPILogOnRequest.m */; };
		075A1FEB134B717D0012A094 /* CIAPIMarket.h in Headers */ = {isa = PBXBuildFile; fileRef = 075A1F94134B717D0012A094 /* CIAPIMarket.h */; };
		075A1FEC134B717D0012A094 /* CIAPIMarket.m in Sources */ = {isa = PBXBuildFile; fileRef = 075A1F95134B717D0012A094 /* CIAPIMarket.m */; };
		075A1FED134B717D0012A094 /* CIAPINews.h in Headers */ = {isa = PBXBuildFile; fileRef = 075A1F96134B717D0012A094 /* CIAPINews.h */; };
		075A1FEE134B717D0012A094 /* CIAPINews.m in Sources */ = {isa = PBXBuildFile; fileRef = 075A1F97134B717D0012A094 /* CIAPINews.m */; };
		075A1FEF134B717D0012A094 /* CIAPINewsDetail.h in Headers */ = {isa = PBXBuildFile; fileRef = 075A1F98134B717D0012A094 /* CIAPINewsDetail.h */; };
		075A1FF0134B717D0012A094 /* CIAPINewsDetail.m in Sources */ = {isa = PBXBuildFile; fileRef = 075A1F99134B717D0012A094 /* CIAPINewsDetail.m */; };
		075A1FF1134B717D0012A094 /* CIAPINewStopLimitOrderRequest.h in Headers */ = {isa = PBXBuildFile; fileRef = 075A1F9A134B717D0012A094 /* CIAPINewStopLimitOrderRequest.h */; };
		075A1FF2134B717D0012A094 /* CIAPINewStopLimitOrderRequest.m in Sources */ = {isa = PBXBuildFile; fileRef = 075A1F9B134B717D0012A094 /* CIAPINewStopLimitOrderRequest.m */; };
		075A1FF3134B717D0012A094 /* CIAPINewTradeOrderRequest.h in Headers */ = {isa = PBXBuildFile; fileRef = 075A1F9C134B717D0012A094 /* CIAPINewTradeOrderRequest.h */; };
		075A1FF4134B717D0012A094 /* CIAPINewTradeOrderRequest.m in Sources */ = {isa = PBXBuildFile; fileRef = 075A1F9D134B717D0012A094 /* CIAPINewTradeOrderRequest.m */; };
		075A1FF5134B717D0012A094 /* CIAPIOcoOrderRequest.h in Headers */ = {isa = PBXBuildFile; fileRef = 075A1F9E134B717D0012A094 /* CIAPIOcoOrderRequest.h */; };
		075A1FF6134B717D0012A094 /* CIAPIOcoOrderRequest.m in Sources */ = {isa = PBXBuildFile; fileRef = 075A1F9F134B717D0012A094 /* CIAPIOcoOrderRequest.m */; };
		075A1FF7134B717D0012A094 /* CIAPIOrder.h in Headers */ = {isa = PBXBuildFile; fileRef = 075A1FA0134B717D0012A094 /* CIAPIOrder.h */; };
		075A1FF8134B717D0012A094 /* CIAPIOrder.m in Sources */ = {isa = PBXBuildFile; fileRef = 075A1FA1134B717D0012A094 /* CIAPIOrder.m */; };
		075A1FF9134B717D0012A094 /* CIAPIPrice.h in Headers */ = {isa = PBXBuildFile; fileRef = 075A1FA2134B717D0012A094 /* CIAPIPrice.h */; };
		075A1FFA134B717D0012A094 /* CIAPIPrice.m in Sources */ = {isa = PBXBuildFile; fileRef = 075A1FA3134B717D0012A094 /* CIAPIPrice.m */; };
		075A1FFB134B717D0012A094 /* CIAPIPriceBar.h in Headers */ = {isa = PBXBuildFile; fileRef = 075A1FA4134B717D0012A094 /* CIAPIPriceBar.h */; };
		075A1FFC134B717D0012A094 /* CIAPIPriceBar.m in Sources */ = {isa = PBXBuildFile; fileRef = 075A1FA5134B717D0012A094 /* CIAPIPriceBar.m */; };
		075A1FFD134B717D0012A094 /* CIAPIPriceTick.h in Headers */ = {isa = PBXBuildFile; fileRef = 075A1FA6134B717D0012A094 /* CIAPIPriceTick.h */; };
		075A1FFE134B717D0012A094 /* CIAPIPriceTick.m in Sources */ = {isa = PBXBuildFile; fileRef = 075A1FA7134B717D0012A094 /* CIAPIPriceTick.m */; };
		075A1FFF134B717D0012A094 /* CIAPIQuote.h in Headers */ = {isa = PBXBuildFile; fileRef = 075A1FA8134B717D0012A094 /* CIAPIQuote.h */; };
		075A2000134B717D0012A094 /* CIAPIQuote.m in Sources */ = {isa = PBXBuildFile; fileRef = 075A1FA9134B717D0012A094 /* CIAPIQuote.m */; };
		075A2001134B717D0012A094 /* CIAPISessionDeletionRequest.h in Headers */ = {isa = PBXBuildFile; fileRef = 075A1FAA134B717D0012A094 /* CIAPISessionDeletionRequest.h */; };
		075A2002134B717D0012A094 /* CIAPISessionDeletionRequest.m in Sources */ = {isa = PBXBuildFile; fileRef = 075A1FAB134B717D0012A094 /* CIAPISessionDeletionRequest.m */; };
		075A2003134B717D0012A094 /* CIAPISessionDeletionResponse.h in Headers */ = {isa = PBXBuildFile; fileRef = 075A1FAC134B717D0012A094 /* CIAPISessionDeletionResponse.h */; };
		075A2004134B717D0012A094 /* CIAPISessionDeletionResponse.m in Sources */ = {isa = PBXBuildFile; fileRef = 075A1FAD134B717D0012A094 /* CIAPISessionDeletionResponse.m */; };
		075A2006134B738A0012A094 /* CIAPIErrorCode.h in Headers */ = {isa = PBXBuildFile; fileRef = 075A2005134B738A0012A094 /* CIAPIErrorCode.h */; };
		075E8E411342724900C85B9B /* CIAPIClient.h in Headers */ = {isa = PBXBuildFile; fileRef = 075E8E3F1342724900C85B9B /* CIAPIClient.h */; };
		075E8E421342724900C85B9B /* CIAPIClient.m in Sources */ = {isa = PBXBuildFile; fileRef = 075E8E401342724900C85B9B /* CIAPIClient.m */; };
		076AF1C5134FC4510049972E /* CIAPIAuthenticator.h in Headers */ = {isa = PBXBuildFile; fileRef = 076AF1C3134FC4510049972E /* CIAPIAuthenticator.h */; };
		076AF1C6134FC4510049972E /* CIAPIAuthenticator.m in Sources */ = {isa = PBXBuildFile; fileRef = 076AF1C4134FC4510049972E /* CIAPIAuthenticator.m */; };
		076AF1C8134FC4B90049972E /* CIAPIStreamDelegate.h in Headers */ = {isa = PBXBuildFile; fileRef = 076AF1C7134FC4B90049972E /* CIAPIStreamDelegate.h */; };
		076AF1CB135093070049972E /* CIAPIObjectRequest.h in Headers */ = {isa = PBXBuildFile; fileRef = 076AF1C9135093070049972E /* CIAPIObjectRequest.h */; };
		076AF1CC135093070049972E /* CIAPIObjectRequest.m in Sources */ = {isa = PBXBuildFile; fileRef = 076AF1CA135093070049972E /* CIAPIObjectRequest.m */; };
		076AF1CE1350931A0049972E /* CIAPIRequestDelegate.h in Headers */ = {isa = PBXBuildFile; fileRef = 076AF1CD1350931A0049972E /* CIAPIRequestDelegate.h */; };
		076AF1D0135093730049972E /* CIAPIAuthenticatorDelegate.h in Headers */ = {isa = PBXBuildFile; fileRef = 076AF1CF135093730049972E /* CIAPIAuthenticatorDelegate.h */; };
		076AF1D9135095370049972E /* CIAPIConfigConstants.h in Headers */ = {isa = PBXBuildFile; fileRef = 076AF1D8135095370049972E /* CIAPIConfigConstants.h */; };
		076AF1DC1350A8540049972E /* AuthenticatorTests.h in Headers */ = {isa = PBXBuildFile; fileRef = 076AF1DA1350A8540049972E /* AuthenticatorTests.h */; };
		076AF1E0135231470049972E /* CIAPIRequestToken.h in Headers */ = {isa = PBXBuildFile; fileRef = 076AF1DE135231460049972E /* CIAPIRequestToken.h */; };
		076AF1E1135231470049972E /* CIAPIRequestToken.m in Sources */ = {isa = PBXBuildFile; fileRef = 076AF1DF135231460049972E /* CIAPIRequestToken.m */; };
		076AF1ED13524D590049972E /* CIAPI.h in Headers */ = {isa = PBXBuildFile; fileRef = 076AF1EB13524D570049972E /* CIAPI.h */; };
		076AF22013524D9E0049972E /* AuthenticatorTests.m in Sources */ = {isa = PBXBuildFile; fileRef = 076AF1DB1350A8540049972E /* AuthenticatorTests.m */; };
		079A0134134285E00056C35E /* libRestKitJSONParserYAJL.a in Frameworks */ = {isa = PBXBuildFile; fileRef = 079A012F134285E00056C35E /* libRestKitJSONParserYAJL.a */; };
		079A0135134285E00056C35E /* libRestKitNetwork.a in Frameworks */ = {isa = PBXBuildFile; fileRef = 079A0130134285E00056C35E /* libRestKitNetwork.a */; };
		079A0136134285E00056C35E /* libRestKitObjectMapping.a in Frameworks */ = {isa = PBXBuildFile; fileRef = 079A0131134285E00056C35E /* libRestKitObjectMapping.a */; };
		079A0137134285E00056C35E /* libRestKitSupport.a in Frameworks */ = {isa = PBXBuildFile; fileRef = 079A0132134285E00056C35E /* libRestKitSupport.a */; };
		079A013B134285E00056C35E /* CFNetwork.framework in Frameworks */ = {isa = PBXBuildFile; fileRef = 079A0138134285E00056C35E /* CFNetwork.framework */; };
		079A013C134285E00056C35E /* MobileCoreServices.framework in Frameworks */ = {isa = PBXBuildFile; fileRef = 079A0139134285E00056C35E /* MobileCoreServices.framework */; };
		079A013D134285E00056C35E /* SystemConfiguration.framework in Frameworks */ = {isa = PBXBuildFile; fileRef = 079A013A134285E00056C35E /* SystemConfiguration.framework */; };
		079A014B134286140056C35E /* CFNetwork.framework in Frameworks */ = {isa = PBXBuildFile; fileRef = 079A0148134286140056C35E /* CFNetwork.framework */; };
		079A014C134286140056C35E /* MobileCoreServices.framework in Frameworks */ = {isa = PBXBuildFile; fileRef = 079A0149134286140056C35E /* MobileCoreServices.framework */; };
		079A014D134286140056C35E /* SystemConfiguration.framework in Frameworks */ = {isa = PBXBuildFile; fileRef = 079A014A134286140056C35E /* SystemConfiguration.framework */; };
		07D54CFB1342737800DD2A60 /* LSClient.h in Headers */ = {isa = PBXBuildFile; fileRef = 07D54CEB1342737800DD2A60 /* LSClient.h */; };
		07D54CFC1342737800DD2A60 /* LSClient.m in Sources */ = {isa = PBXBuildFile; fileRef = 07D54CEC1342737800DD2A60 /* LSClient.m */; };
		07D54CFD1342737800DD2A60 /* LSException.h in Headers */ = {isa = PBXBuildFile; fileRef = 07D54CED1342737800DD2A60 /* LSException.h */; };
		07D54CFE1342737800DD2A60 /* LSException.m in Sources */ = {isa = PBXBuildFile; fileRef = 07D54CEE1342737800DD2A60 /* LSException.m */; };
		07D54CFF1342737800DD2A60 /* LSListener.h in Headers */ = {isa = PBXBuildFile; fileRef = 07D54CEF1342737800DD2A60 /* LSListener.h */; };
		07D54D001342737800DD2A60 /* LSMode.h in Headers */ = {isa = PBXBuildFile; fileRef = 07D54CF01342737800DD2A60 /* LSMode.h */; };
		07D54D011342737800DD2A60 /* LSSession.h in Headers */ = {isa = PBXBuildFile; fileRef = 07D54CF11342737800DD2A60 /* LSSession.h */; };
		07D54D021342737800DD2A60 /* LSSession.m in Sources */ = {isa = PBXBuildFile; fileRef = 07D54CF21342737800DD2A60 /* LSSession.m */; };
		07D54D031342737800DD2A60 /* LSSession+Internals.h in Headers */ = {isa = PBXBuildFile; fileRef = 07D54CF31342737800DD2A60 /* LSSession+Internals.h */; };
		07D54D041342737800DD2A60 /* LSSession+Internals.m in Sources */ = {isa = PBXBuildFile; fileRef = 07D54CF41342737800DD2A60 /* LSSession+Internals.m */; };
		07D54D051342737800DD2A60 /* LSSessionOptions.h in Headers */ = {isa = PBXBuildFile; fileRef = 07D54CF51342737800DD2A60 /* LSSessionOptions.h */; };
		07D54D061342737800DD2A60 /* LSSessionOptions.m in Sources */ = {isa = PBXBuildFile; fileRef = 07D54CF61342737800DD2A60 /* LSSessionOptions.m */; };
		07D54D071342737800DD2A60 /* LSSessionOptions+Internals.h in Headers */ = {isa = PBXBuildFile; fileRef = 07D54CF71342737800DD2A60 /* LSSessionOptions+Internals.h */; };
		07D54D081342737800DD2A60 /* LSSessionOptions+Internals.m in Sources */ = {isa = PBXBuildFile; fileRef = 07D54CF81342737800DD2A60 /* LSSessionOptions+Internals.m */; };
		07D54D091342737800DD2A60 /* LSUnchangedValue.h in Headers */ = {isa = PBXBuildFile; fileRef = 07D54CF91342737800DD2A60 /* LSUnchangedValue.h */; };
		07D54D0A1342737800DD2A60 /* LSUnchangedValue.m in Sources */ = {isa = PBXBuildFile; fileRef = 07D54CFA1342737800DD2A60 /* LSUnchangedValue.m */; };
		07DEFE461342710E00CFA705 /* Foundation.framework in Frameworks */ = {isa = PBXBuildFile; fileRef = 07DEFE451342710E00CFA705 /* Foundation.framework */; };
		07DEFE511342710E00CFA705 /* UIKit.framework in Frameworks */ = {isa = PBXBuildFile; fileRef = 07DEFE501342710E00CFA705 /* UIKit.framework */; };
		07DEFE521342710E00CFA705 /* Foundation.framework in Frameworks */ = {isa = PBXBuildFile; fileRef = 07DEFE451342710E00CFA705 /* Foundation.framework */; };
		07DEFE541342710E00CFA705 /* CoreGraphics.framework in Frameworks */ = {isa = PBXBuildFile; fileRef = 07DEFE531342710E00CFA705 /* CoreGraphics.framework */; };
		07DEFE571342710E00CFA705 /* libCIAPI.a in Frameworks */ = {isa = PBXBuildFile; fileRef = 07DEFE421342710E00CFA705 /* libCIAPI.a */; };
		07DEFE5D1342710E00CFA705 /* InfoPlist.strings in Resources */ = {isa = PBXBuildFile; fileRef = 07DEFE5B1342710E00CFA705 /* InfoPlist.strings */; };
		07DEFE601342710E00CFA705 /* CIAPITests.h in Resources */ = {isa = PBXBuildFile; fileRef = 07DEFE5F1342710E00CFA705 /* CIAPITests.h */; };
		07DEFE621342710E00CFA705 /* CIAPITests.m in Sources */ = {isa = PBXBuildFile; fileRef = 07DEFE611342710E00CFA705 /* CIAPITests.m */; };
/* End PBXBuildFile section */

/* Begin PBXContainerItemProxy section */
		075E8E2A134271BF00C85B9B /* PBXContainerItemProxy */ = {
			isa = PBXContainerItemProxy;
			containerPortal = 075E8E16134271BF00C85B9B /* RestKit.xcodeproj */;
			proxyType = 2;
			remoteGlobalIDString = 253A07FC1255161B00976E89;
			remoteInfo = RestKitNetwork;
		};
		075E8E2C134271BF00C85B9B /* PBXContainerItemProxy */ = {
			isa = PBXContainerItemProxy;
			containerPortal = 075E8E16134271BF00C85B9B /* RestKit.xcodeproj */;
			proxyType = 2;
			remoteGlobalIDString = 253A08031255162C00976E89;
			remoteInfo = RestKitObjectMapping;
		};
		075E8E2E134271BF00C85B9B /* PBXContainerItemProxy */ = {
			isa = PBXContainerItemProxy;
			containerPortal = 075E8E16134271BF00C85B9B /* RestKit.xcodeproj */;
			proxyType = 2;
			remoteGlobalIDString = 253A080C12551D3000976E89;
			remoteInfo = RestKitSupport;
		};
		075E8E30134271BF00C85B9B /* PBXContainerItemProxy */ = {
			isa = PBXContainerItemProxy;
			containerPortal = 075E8E16134271BF00C85B9B /* RestKit.xcodeproj */;
			proxyType = 2;
			remoteGlobalIDString = 2590E64F125231F600531FA8;
			remoteInfo = "RestKitJSONParser+YAJL";
		};
		075E8E32134271BF00C85B9B /* PBXContainerItemProxy */ = {
			isa = PBXContainerItemProxy;
			containerPortal = 075E8E16134271BF00C85B9B /* RestKit.xcodeproj */;
			proxyType = 2;
			remoteGlobalIDString = 2590E66B1252353700531FA8;
			remoteInfo = "RestKitJSONParser+SBJSON";
		};
		075E8E34134271BF00C85B9B /* PBXContainerItemProxy */ = {
			isa = PBXContainerItemProxy;
			containerPortal = 075E8E16134271BF00C85B9B /* RestKit.xcodeproj */;
			proxyType = 2;
			remoteGlobalIDString = 73057FD11331AD2E001908EE;
			remoteInfo = "RestKitJSONParser+JSONKit";
		};
		075E8E36134271BF00C85B9B /* PBXContainerItemProxy */ = {
			isa = PBXContainerItemProxy;
			containerPortal = 075E8E16134271BF00C85B9B /* RestKit.xcodeproj */;
			proxyType = 2;
			remoteGlobalIDString = 25BD43BD1340315800DBACDD;
			remoteInfo = "RestKitXMLParser+Libxml";
		};
		075E8E38134271BF00C85B9B /* PBXContainerItemProxy */ = {
			isa = PBXContainerItemProxy;
			containerPortal = 075E8E16134271BF00C85B9B /* RestKit.xcodeproj */;
			proxyType = 2;
			remoteGlobalIDString = 253A081412551D5300976E89;
			remoteInfo = RestKitCoreData;
		};
		075E8E3A134271BF00C85B9B /* PBXContainerItemProxy */ = {
			isa = PBXContainerItemProxy;
			containerPortal = 075E8E16134271BF00C85B9B /* RestKit.xcodeproj */;
			proxyType = 2;
			remoteGlobalIDString = 2523360511E79F090048F9B4;
			remoteInfo = RestKitThree20;
		};
		075E8E3C134271BF00C85B9B /* PBXContainerItemProxy */ = {
			isa = PBXContainerItemProxy;
			containerPortal = 075E8E16134271BF00C85B9B /* RestKit.xcodeproj */;
			proxyType = 2;
			remoteGlobalIDString = 3F6C39A510FE5C95008F47C5;
			remoteInfo = UISpec;
		};
		07DEFE551342710E00CFA705 /* PBXContainerItemProxy */ = {
			isa = PBXContainerItemProxy;
			containerPortal = 07DEFE391342710E00CFA705 /* Project object */;
			proxyType = 1;
			remoteGlobalIDString = 07DEFE411342710E00CFA705;
			remoteInfo = CIAPI;
		};
/* End PBXContainerItemProxy section */

/* Begin PBXFileReference section */
		075993FE136C69C90040D454 /* ObjectPropertiesJSONMapper.h */ = {isa = PBXFileReference; fileEncoding = 4; lastKnownFileType = sourcecode.c.h; path = ObjectPropertiesJSONMapper.h; sourceTree = "<group>"; };
		075993FF136C69C90040D454 /* ObjectPropertiesJSONMapper.m */ = {isa = PBXFileReference; fileEncoding = 4; lastKnownFileType = sourcecode.c.objc; path = ObjectPropertiesJSONMapper.m; sourceTree = "<group>"; };
		07599402136D8DCE0040D454 /* CIAPIObjectResponse.h */ = {isa = PBXFileReference; fileEncoding = 4; lastKnownFileType = sourcecode.c.h; path = CIAPIObjectResponse.h; sourceTree = "<group>"; };
		07599403136D8DCE0040D454 /* CIAPIObjectResponse.m */ = {isa = PBXFileReference; fileEncoding = 4; lastKnownFileType = sourcecode.c.objc; path = CIAPIObjectResponse.m; sourceTree = "<group>"; };
		07599406136D8F670040D454 /* CIAPIGetClientAndTradingAccountRequest.h */ = {isa = PBXFileReference; fileEncoding = 4; lastKnownFileType = sourcecode.c.h; path = CIAPIGetClientAndTradingAccountRequest.h; sourceTree = "<group>"; };
		07599407136D8F670040D454 /* CIAPIGetClientAndTradingAccountRequest.m */ = {isa = PBXFileReference; fileEncoding = 4; lastKnownFileType = sourcecode.c.objc; path = CIAPIGetClientAndTradingAccountRequest.m; sourceTree = "<group>"; };
		0759940C136D905A0040D454 /* CIAPIAccountInformationResponse.h */ = {isa = PBXFileReference; fileEncoding = 4; lastKnownFileType = sourcecode.c.h; path = CIAPIAccountInformationResponse.h; sourceTree = "<group>"; };
		0759940D136D905A0040D454 /* CIAPIAccountInformationResponse.m */ = {isa = PBXFileReference; fileEncoding = 4; lastKnownFileType = sourcecode.c.objc; path = CIAPIAccountInformationResponse.m; sourceTree = "<group>"; };
		07599411136D91170040D454 /* CIAPITradingAccount.h */ = {isa = PBXFileReference; fileEncoding = 4; lastKnownFileType = sourcecode.c.h; path = CIAPITradingAccount.h; sourceTree = "<group>"; };
		07599412136D91170040D454 /* CIAPITradingAccount.m */ = {isa = PBXFileReference; fileEncoding = 4; lastKnownFileType = sourcecode.c.objc; path = CIAPITradingAccount.m; sourceTree = "<group>"; };
		07599415136D92A00040D454 /* DTORequests.h */ = {isa = PBXFileReference; fileEncoding = 4; lastKnownFileType = sourcecode.c.h; path = DTORequests.h; sourceTree = "<group>"; };
		07599416136D92A00040D454 /* DTORequests.m */ = {isa = PBXFileReference; fileEncoding = 4; lastKnownFileType = sourcecode.c.objc; path = DTORequests.m; sourceTree = "<group>"; };
		0759941A136DB62C0040D454 /* CIAPIObjectListResponse.h */ = {isa = PBXFileReference; fileEncoding = 4; lastKnownFileType = sourcecode.c.h; path = CIAPIObjectListResponse.h; sourceTree = "<group>"; };
		0759941B136DB62C0040D454 /* CIAPIObjectListResponse.m */ = {isa = PBXFileReference; fileEncoding = 4; lastKnownFileType = sourcecode.c.objc; path = CIAPIObjectListResponse.m; sourceTree = "<group>"; };
		075A1F57134B717D0012A094 /* CIAPIApiActiveStopLimitOrder.h */ = {isa = PBXFileReference; fileEncoding = 4; lastKnownFileType = sourcecode.c.h; path = CIAPIApiActiveStopLimitOrder.h; sourceTree = "<group>"; };
		075A1F58134B717D0012A094 /* CIAPIApiActiveStopLimitOrder.m */ = {isa = PBXFileReference; fileEncoding = 4; lastKnownFileType = sourcecode.c.objc; path = CIAPIApiActiveStopLimitOrder.m; sourceTree = "<group>"; };
		075A1F59134B717D0012A094 /* CIAPIApiBasicStopLimitOrder.h */ = {isa = PBXFileReference; fileEncoding = 4; lastKnownFileType = sourcecode.c.h; path = CIAPIApiBasicStopLimitOrder.h; sourceTree = "<group>"; };
		075A1F5A134B717D0012A094 /* CIAPIApiBasicStopLimitOrder.m */ = {isa = PBXFileReference; fileEncoding = 4; lastKnownFileType = sourcecode.c.objc; path = CIAPIApiBasicStopLimitOrder.m; sourceTree = "<group>"; };
		075A1F5B134B717D0012A094 /* CIAPIApiIfDoneResponse.h */ = {isa = PBXFileReference; fileEncoding = 4; lastKnownFileType = sourcecode.c.h; path = CIAPIApiIfDoneResponse.h; sourceTree = "<group>"; };
		075A1F5C134B717D0012A094 /* CIAPIApiIfDoneResponse.m */ = {isa = PBXFileReference; fileEncoding = 4; lastKnownFileType = sourcecode.c.objc; path = CIAPIApiIfDoneResponse.m; sourceTree = "<group>"; };
		075A1F5D134B717D0012A094 /* CIAPIApiOpenPosition.h */ = {isa = PBXFileReference; fileEncoding = 4; lastKnownFileType = sourcecode.c.h; path = CIAPIApiOpenPosition.h; sourceTree = "<group>"; };
		075A1F5E134B717D0012A094 /* CIAPIApiOpenPosition.m */ = {isa = PBXFileReference; fileEncoding = 4; lastKnownFileType = sourcecode.c.objc; path = CIAPIApiOpenPosition.m; sourceTree = "<group>"; };
		075A1F5F134B717D0012A094 /* CIAPIApiOrderResponse.h */ = {isa = PBXFileReference; fileEncoding = 4; lastKnownFileType = sourcecode.c.h; path = CIAPIApiOrderResponse.h; sourceTree = "<group>"; };
		075A1F60134B717D0012A094 /* CIAPIApiOrderResponse.m */ = {isa = PBXFileReference; fileEncoding = 4; lastKnownFileType = sourcecode.c.objc; path = CIAPIApiOrderResponse.m; sourceTree = "<group>"; };
		075A1F61134B717D0012A094 /* CIAPIApiQuoteResponse.h */ = {isa = PBXFileReference; fileEncoding = 4; lastKnownFileType = sourcecode.c.h; path = CIAPIApiQuoteResponse.h; sourceTree = "<group>"; };
		075A1F62134B717D0012A094 /* CIAPIApiQuoteResponse.m */ = {isa = PBXFileReference; fileEncoding = 4; lastKnownFileType = sourcecode.c.objc; path = CIAPIApiQuoteResponse.m; sourceTree = "<group>"; };
		075A1F63134B717D0012A094 /* CIAPIApiStopLimitOrderHistory.h */ = {isa = PBXFileReference; fileEncoding = 4; lastKnownFileType = sourcecode.c.h; path = CIAPIApiStopLimitOrderHistory.h; sourceTree = "<group>"; };
		075A1F64134B717D0012A094 /* CIAPIApiStopLimitOrderHistory.m */ = {isa = PBXFileReference; fileEncoding = 4; lastKnownFileType = sourcecode.c.objc; path = CIAPIApiStopLimitOrderHistory.m; sourceTree = "<group>"; };
		075A1F65134B717D0012A094 /* CIAPIApiStopLimitResponse.h */ = {isa = PBXFileReference; fileEncoding = 4; lastKnownFileType = sourcecode.c.h; path = CIAPIApiStopLimitResponse.h; sourceTree = "<group>"; };
		075A1F66134B717D0012A094 /* CIAPIApiStopLimitResponse.m */ = {isa = PBXFileReference; fileEncoding = 4; lastKnownFileType = sourcecode.c.objc; path = CIAPIApiStopLimitResponse.m; sourceTree = "<group>"; };
		075A1F67134B717D0012A094 /* CIAPIApiTradeHistory.h */ = {isa = PBXFileReference; fileEncoding = 4; lastKnownFileType = sourcecode.c.h; path = CIAPIApiTradeHistory.h; sourceTree = "<group>"; };
		075A1F68134B717D0012A094 /* CIAPIApiTradeHistory.m */ = {isa = PBXFileReference; fileEncoding = 4; lastKnownFileType = sourcecode.c.objc; path = CIAPIApiTradeHistory.m; sourceTree = "<group>"; };
		075A1F69134B717D0012A094 /* CIAPIApiTradeOrderResponse.h */ = {isa = PBXFileReference; fileEncoding = 4; lastKnownFileType = sourcecode.c.h; path = CIAPIApiTradeOrderResponse.h; sourceTree = "<group>"; };
		075A1F6A134B717D0012A094 /* CIAPIApiTradeOrderResponse.m */ = {isa = PBXFileReference; fileEncoding = 4; lastKnownFileType = sourcecode.c.objc; path = CIAPIApiTradeOrderResponse.m; sourceTree = "<group>"; };
		075A1F6B134B717D0012A094 /* CIAPICancelOrderRequest.h */ = {isa = PBXFileReference; fileEncoding = 4; lastKnownFileType = sourcecode.c.h; path = CIAPICancelOrderRequest.h; sourceTree = "<group>"; };
		075A1F6C134B717D0012A094 /* CIAPICancelOrderRequest.m */ = {isa = PBXFileReference; fileEncoding = 4; lastKnownFileType = sourcecode.c.objc; path = CIAPICancelOrderRequest.m; sourceTree = "<group>"; };
		075A1F6D134B717D0012A094 /* CIAPIClientAccountMargin.h */ = {isa = PBXFileReference; fileEncoding = 4; lastKnownFileType = sourcecode.c.h; path = CIAPIClientAccountMargin.h; sourceTree = "<group>"; };
		075A1F6E134B717D0012A094 /* CIAPIClientAccountMargin.m */ = {isa = PBXFileReference; fileEncoding = 4; lastKnownFileType = sourcecode.c.objc; path = CIAPIClientAccountMargin.m; sourceTree = "<group>"; };
		075A1F6F134B717D0012A094 /* CIAPICreateSessionResponse.h */ = {isa = PBXFileReference; fileEncoding = 4; lastKnownFileType = sourcecode.c.h; path = CIAPICreateSessionResponse.h; sourceTree = "<group>"; };
		075A1F70134B717D0012A094 /* CIAPICreateSessionResponse.m */ = {isa = PBXFileReference; fileEncoding = 4; lastKnownFileType = sourcecode.c.objc; path = CIAPICreateSessionResponse.m; sourceTree = "<group>"; };
		075A1F71134B717D0012A094 /* CIAPIDataTypeObjects.h */ = {isa = PBXFileReference; fileEncoding = 4; lastKnownFileType = sourcecode.c.h; path = CIAPIDataTypeObjects.h; sourceTree = "<group>"; };
		075A1F72134B717D0012A094 /* CIAPIErrorResponse.h */ = {isa = PBXFileReference; fileEncoding = 4; lastKnownFileType = sourcecode.c.h; path = CIAPIErrorResponse.h; sourceTree = "<group>"; };
		075A1F73134B717D0012A094 /* CIAPIErrorResponse.m */ = {isa = PBXFileReference; fileEncoding = 4; lastKnownFileType = sourcecode.c.objc; path = CIAPIErrorResponse.m; sourceTree = "<group>"; };
		075A1F74134B717D0012A094 /* CIAPIG2SessionValidationResponse.h */ = {isa = PBXFileReference; fileEncoding = 4; lastKnownFileType = sourcecode.c.h; path = CIAPIG2SessionValidationResponse.h; sourceTree = "<group>"; };
		075A1F75134B717D0012A094 /* CIAPIG2SessionValidationResponse.m */ = {isa = PBXFileReference; fileEncoding = 4; lastKnownFileType = sourcecode.c.objc; path = CIAPIG2SessionValidationResponse.m; sourceTree = "<group>"; };
		075A1F76134B717D0012A094 /* CIAPIGatewayIfDone.h */ = {isa = PBXFileReference; fileEncoding = 4; lastKnownFileType = sourcecode.c.h; path = CIAPIGatewayIfDone.h; sourceTree = "<group>"; };
		075A1F77134B717D0012A094 /* CIAPIGatewayIfDone.m */ = {isa = PBXFileReference; fileEncoding = 4; lastKnownFileType = sourcecode.c.objc; path = CIAPIGatewayIfDone.m; sourceTree = "<group>"; };
		075A1F78134B717D0012A094 /* CIAPIGatewayOrder.h */ = {isa = PBXFileReference; fileEncoding = 4; lastKnownFileType = sourcecode.c.h; path = CIAPIGatewayOrder.h; sourceTree = "<group>"; };
		075A1F79134B717D0012A094 /* CIAPIGatewayOrder.m */ = {isa = PBXFileReference; fileEncoding = 4; lastKnownFileType = sourcecode.c.objc; path = CIAPIGatewayOrder.m; sourceTree = "<group>"; };
		075A1F7A134B717D0012A094 /* CIAPIGatewayStopLimitOrder.h */ = {isa = PBXFileReference; fileEncoding = 4; lastKnownFileType = sourcecode.c.h; path = CIAPIGatewayStopLimitOrder.h; sourceTree = "<group>"; };
		075A1F7B134B717D0012A094 /* CIAPIGatewayStopLimitOrder.m */ = {isa = PBXFileReference; fileEncoding = 4; lastKnownFileType = sourcecode.c.objc; path = CIAPIGatewayStopLimitOrder.m; sourceTree = "<group>"; };
		075A1F7C134B717D0012A094 /* CIAPIGetNewsDetailResponse.h */ = {isa = PBXFileReference; fileEncoding = 4; lastKnownFileType = sourcecode.c.h; path = CIAPIGetNewsDetailResponse.h; sourceTree = "<group>"; };
		075A1F7D134B717D0012A094 /* CIAPIGetNewsDetailResponse.m */ = {isa = PBXFileReference; fileEncoding = 4; lastKnownFileType = sourcecode.c.objc; path = CIAPIGetNewsDetailResponse.m; sourceTree = "<group>"; };
		075A1F7E134B717D0012A094 /* CIAPIGetPriceBarResponse.h */ = {isa = PBXFileReference; fileEncoding = 4; lastKnownFileType = sourcecode.c.h; path = CIAPIGetPriceBarResponse.h; sourceTree = "<group>"; };
		075A1F7F134B717D0012A094 /* CIAPIGetPriceBarResponse.m */ = {isa = PBXFileReference; fileEncoding = 4; lastKnownFileType = sourcecode.c.objc; path = CIAPIGetPriceBarResponse.m; sourceTree = "<group>"; };
		075A1F80134B717D0012A094 /* CIAPIGetPriceTickResponse.h */ = {isa = PBXFileReference; fileEncoding = 4; lastKnownFileType = sourcecode.c.h; path = CIAPIGetPriceTickResponse.h; sourceTree = "<group>"; };
		075A1F81134B717D0012A094 /* CIAPIGetPriceTickResponse.m */ = {isa = PBXFileReference; fileEncoding = 4; lastKnownFileType = sourcecode.c.objc; path = CIAPIGetPriceTickResponse.m; sourceTree = "<group>"; };
		075A1F82134B717D0012A094 /* CIAPIListActiveStopLimitOrderResponse.h */ = {isa = PBXFileReference; fileEncoding = 4; lastKnownFileType = sourcecode.c.h; path = CIAPIListActiveStopLimitOrderResponse.h; sourceTree = "<group>"; };
		075A1F83134B717D0012A094 /* CIAPIListActiveStopLimitOrderResponse.m */ = {isa = PBXFileReference; fileEncoding = 4; lastKnownFileType = sourcecode.c.objc; path = CIAPIListActiveStopLimitOrderResponse.m; sourceTree = "<group>"; };
		075A1F84134B717D0012A094 /* CIAPIListCfdMarketsResponse.h */ = {isa = PBXFileReference; fileEncoding = 4; lastKnownFileType = sourcecode.c.h; path = CIAPIListCfdMarketsResponse.h; sourceTree = "<group>"; };
		075A1F85134B717D0012A094 /* CIAPIListCfdMarketsResponse.m */ = {isa = PBXFileReference; fileEncoding = 4; lastKnownFileType = sourcecode.c.objc; path = CIAPIListCfdMarketsResponse.m; sourceTree = "<group>"; };
		075A1F86134B717D0012A094 /* CIAPIListNewsHeadlinesResponse.h */ = {isa = PBXFileReference; fileEncoding = 4; lastKnownFileType = sourcecode.c.h; path = CIAPIListNewsHeadlinesResponse.h; sourceTree = "<group>"; };
		075A1F87134B717D0012A094 /* CIAPIListNewsHeadlinesResponse.m */ = {isa = PBXFileReference; fileEncoding = 4; lastKnownFileType = sourcecode.c.objc; path = CIAPIListNewsHeadlinesResponse.m; sourceTree = "<group>"; };
		075A1F88134B717D0012A094 /* CIAPIListOpenPositionsResponse.h */ = {isa = PBXFileReference; fileEncoding = 4; lastKnownFileType = sourcecode.c.h; path = CIAPIListOpenPositionsResponse.h; sourceTree = "<group>"; };
		075A1F89134B717D0012A094 /* CIAPIListOpenPositionsResponse.m */ = {isa = PBXFileReference; fileEncoding = 4; lastKnownFileType = sourcecode.c.objc; path = CIAPIListOpenPositionsResponse.m; sourceTree = "<group>"; };
		075A1F8A134B717D0012A094 /* CIAPIListOrdersResponse.h */ = {isa = PBXFileReference; fileEncoding = 4; lastKnownFileType = sourcecode.c.h; path = CIAPIListOrdersResponse.h; sourceTree = "<group>"; };
		075A1F8B134B717D0012A094 /* CIAPIListOrdersResponse.m */ = {isa = PBXFileReference; fileEncoding = 4; lastKnownFileType = sourcecode.c.objc; path = CIAPIListOrdersResponse.m; sourceTree = "<group>"; };
		075A1F8C134B717D0012A094 /* CIAPIListSpreadMarketsResponse.h */ = {isa = PBXFileReference; fileEncoding = 4; lastKnownFileType = sourcecode.c.h; path = CIAPIListSpreadMarketsResponse.h; sourceTree = "<group>"; };
		075A1F8D134B717D0012A094 /* CIAPIListSpreadMarketsResponse.m */ = {isa = PBXFileReference; fileEncoding = 4; lastKnownFileType = sourcecode.c.objc; path = CIAPIListSpreadMarketsResponse.m; sourceTree = "<group>"; };
		075A1F8E134B717D0012A094 /* CIAPIListStopLimitOrderHistoryResponse.h */ = {isa = PBXFileReference; fileEncoding = 4; lastKnownFileType = sourcecode.c.h; path = CIAPIListStopLimitOrderHistoryResponse.h; sourceTree = "<group>"; };
		075A1F8F134B717D0012A094 /* CIAPIListStopLimitOrderHistoryResponse.m */ = {isa = PBXFileReference; fileEncoding = 4; lastKnownFileType = sourcecode.c.objc; path = CIAPIListStopLimitOrderHistoryResponse.m; sourceTree = "<group>"; };
		075A1F90134B717D0012A094 /* CIAPIListTradeHistoryResponse.h */ = {isa = PBXFileReference; fileEncoding = 4; lastKnownFileType = sourcecode.c.h; path = CIAPIListTradeHistoryResponse.h; sourceTree = "<group>"; };
		075A1F91134B717D0012A094 /* CIAPIListTradeHistoryResponse.m */ = {isa = PBXFileReference; fileEncoding = 4; lastKnownFileType = sourcecode.c.objc; path = CIAPIListTradeHistoryResponse.m; sourceTree = "<group>"; };
		075A1F92134B717D0012A094 /* CIAPILogOnRequest.h */ = {isa = PBXFileReference; fileEncoding = 4; lastKnownFileType = sourcecode.c.h; path = CIAPILogOnRequest.h; sourceTree = "<group>"; };
		075A1F93134B717D0012A094 /* CIAPILogOnRequest.m */ = {isa = PBXFileReference; fileEncoding = 4; lastKnownFileType = sourcecode.c.objc; path = CIAPILogOnRequest.m; sourceTree = "<group>"; };
		075A1F94134B717D0012A094 /* CIAPIMarket.h */ = {isa = PBXFileReference; fileEncoding = 4; lastKnownFileType = sourcecode.c.h; path = CIAPIMarket.h; sourceTree = "<group>"; };
		075A1F95134B717D0012A094 /* CIAPIMarket.m */ = {isa = PBXFileReference; fileEncoding = 4; lastKnownFileType = sourcecode.c.objc; path = CIAPIMarket.m; sourceTree = "<group>"; };
		075A1F96134B717D0012A094 /* CIAPINews.h */ = {isa = PBXFileReference; fileEncoding = 4; lastKnownFileType = sourcecode.c.h; path = CIAPINews.h; sourceTree = "<group>"; };
		075A1F97134B717D0012A094 /* CIAPINews.m */ = {isa = PBXFileReference; fileEncoding = 4; lastKnownFileType = sourcecode.c.objc; path = CIAPINews.m; sourceTree = "<group>"; };
		075A1F98134B717D0012A094 /* CIAPINewsDetail.h */ = {isa = PBXFileReference; fileEncoding = 4; lastKnownFileType = sourcecode.c.h; path = CIAPINewsDetail.h; sourceTree = "<group>"; };
		075A1F99134B717D0012A094 /* CIAPINewsDetail.m */ = {isa = PBXFileReference; fileEncoding = 4; lastKnownFileType = sourcecode.c.objc; path = CIAPINewsDetail.m; sourceTree = "<group>"; };
		075A1F9A134B717D0012A094 /* CIAPINewStopLimitOrderRequest.h */ = {isa = PBXFileReference; fileEncoding = 4; lastKnownFileType = sourcecode.c.h; path = CIAPINewStopLimitOrderRequest.h; sourceTree = "<group>"; };
		075A1F9B134B717D0012A094 /* CIAPINewStopLimitOrderRequest.m */ = {isa = PBXFileReference; fileEncoding = 4; lastKnownFileType = sourcecode.c.objc; path = CIAPINewStopLimitOrderRequest.m; sourceTree = "<group>"; };
		075A1F9C134B717D0012A094 /* CIAPINewTradeOrderRequest.h */ = {isa = PBXFileReference; fileEncoding = 4; lastKnownFileType = sourcecode.c.h; path = CIAPINewTradeOrderRequest.h; sourceTree = "<group>"; };
		075A1F9D134B717D0012A094 /* CIAPINewTradeOrderRequest.m */ = {isa = PBXFileReference; fileEncoding = 4; lastKnownFileType = sourcecode.c.objc; path = CIAPINewTradeOrderRequest.m; sourceTree = "<group>"; };
		075A1F9E134B717D0012A094 /* CIAPIOcoOrderRequest.h */ = {isa = PBXFileReference; fileEncoding = 4; lastKnownFileType = sourcecode.c.h; path = CIAPIOcoOrderRequest.h; sourceTree = "<group>"; };
		075A1F9F134B717D0012A094 /* CIAPIOcoOrderRequest.m */ = {isa = PBXFileReference; fileEncoding = 4; lastKnownFileType = sourcecode.c.objc; path = CIAPIOcoOrderRequest.m; sourceTree = "<group>"; };
		075A1FA0134B717D0012A094 /* CIAPIOrder.h */ = {isa = PBXFileReference; fileEncoding = 4; lastKnownFileType = sourcecode.c.h; path = CIAPIOrder.h; sourceTree = "<group>"; };
		075A1FA1134B717D0012A094 /* CIAPIOrder.m */ = {isa = PBXFileReference; fileEncoding = 4; lastKnownFileType = sourcecode.c.objc; path = CIAPIOrder.m; sourceTree = "<group>"; };
		075A1FA2134B717D0012A094 /* CIAPIPrice.h */ = {isa = PBXFileReference; fileEncoding = 4; lastKnownFileType = sourcecode.c.h; path = CIAPIPrice.h; sourceTree = "<group>"; };
		075A1FA3134B717D0012A094 /* CIAPIPrice.m */ = {isa = PBXFileReference; fileEncoding = 4; lastKnownFileType = sourcecode.c.objc; path = CIAPIPrice.m; sourceTree = "<group>"; };
		075A1FA4134B717D0012A094 /* CIAPIPriceBar.h */ = {isa = PBXFileReference; fileEncoding = 4; lastKnownFileType = sourcecode.c.h; path = CIAPIPriceBar.h; sourceTree = "<group>"; };
		075A1FA5134B717D0012A094 /* CIAPIPriceBar.m */ = {isa = PBXFileReference; fileEncoding = 4; lastKnownFileType = sourcecode.c.objc; path = CIAPIPriceBar.m; sourceTree = "<group>"; };
		075A1FA6134B717D0012A094 /* CIAPIPriceTick.h */ = {isa = PBXFileReference; fileEncoding = 4; lastKnownFileType = sourcecode.c.h; path = CIAPIPriceTick.h; sourceTree = "<group>"; };
		075A1FA7134B717D0012A094 /* CIAPIPriceTick.m */ = {isa = PBXFileReference; fileEncoding = 4; lastKnownFileType = sourcecode.c.objc; path = CIAPIPriceTick.m; sourceTree = "<group>"; };
		075A1FA8134B717D0012A094 /* CIAPIQuote.h */ = {isa = PBXFileReference; fileEncoding = 4; lastKnownFileType = sourcecode.c.h; path = CIAPIQuote.h; sourceTree = "<group>"; };
		075A1FA9134B717D0012A094 /* CIAPIQuote.m */ = {isa = PBXFileReference; fileEncoding = 4; lastKnownFileType = sourcecode.c.objc; path = CIAPIQuote.m; sourceTree = "<group>"; };
		075A1FAA134B717D0012A094 /* CIAPISessionDeletionRequest.h */ = {isa = PBXFileReference; fileEncoding = 4; lastKnownFileType = sourcecode.c.h; path = CIAPISessionDeletionRequest.h; sourceTree = "<group>"; };
		075A1FAB134B717D0012A094 /* CIAPISessionDeletionRequest.m */ = {isa = PBXFileReference; fileEncoding = 4; lastKnownFileType = sourcecode.c.objc; path = CIAPISessionDeletionRequest.m; sourceTree = "<group>"; };
		075A1FAC134B717D0012A094 /* CIAPISessionDeletionResponse.h */ = {isa = PBXFileReference; fileEncoding = 4; lastKnownFileType = sourcecode.c.h; path = CIAPISessionDeletionResponse.h; sourceTree = "<group>"; };
		075A1FAD134B717D0012A094 /* CIAPISessionDeletionResponse.m */ = {isa = PBXFileReference; fileEncoding = 4; lastKnownFileType = sourcecode.c.objc; path = CIAPISessionDeletionResponse.m; sourceTree = "<group>"; };
		075A2005134B738A0012A094 /* CIAPIErrorCode.h */ = {isa = PBXFileReference; fileEncoding = 4; lastKnownFileType = sourcecode.c.h; path = CIAPIErrorCode.h; sourceTree = "<group>"; };
		075E8E16134271BF00C85B9B /* RestKit.xcodeproj */ = {isa = PBXFileReference; lastKnownFileType = "wrapper.pb-project"; name = RestKit.xcodeproj; path = ../RestKit/RestKit.xcodeproj; sourceTree = "<group>"; };
		075E8E3F1342724900C85B9B /* CIAPIClient.h */ = {isa = PBXFileReference; fileEncoding = 4; lastKnownFileType = sourcecode.c.h; path = CIAPIClient.h; sourceTree = "<group>"; };
		075E8E401342724900C85B9B /* CIAPIClient.m */ = {isa = PBXFileReference; fileEncoding = 4; lastKnownFileType = sourcecode.c.objc; path = CIAPIClient.m; sourceTree = "<group>"; };
		076AF1C3134FC4510049972E /* CIAPIAuthenticator.h */ = {isa = PBXFileReference; fileEncoding = 4; lastKnownFileType = sourcecode.c.h; path = CIAPIAuthenticator.h; sourceTree = "<group>"; };
		076AF1C4134FC4510049972E /* CIAPIAuthenticator.m */ = {isa = PBXFileReference; fileEncoding = 4; lastKnownFileType = sourcecode.c.objc; path = CIAPIAuthenticator.m; sourceTree = "<group>"; };
		076AF1C7134FC4B90049972E /* CIAPIStreamDelegate.h */ = {isa = PBXFileReference; fileEncoding = 4; lastKnownFileType = sourcecode.c.h; path = CIAPIStreamDelegate.h; sourceTree = "<group>"; };
		076AF1C9135093070049972E /* CIAPIObjectRequest.h */ = {isa = PBXFileReference; fileEncoding = 4; lastKnownFileType = sourcecode.c.h; path = CIAPIObjectRequest.h; sourceTree = "<group>"; };
		076AF1CA135093070049972E /* CIAPIObjectRequest.m */ = {isa = PBXFileReference; fileEncoding = 4; lastKnownFileType = sourcecode.c.objc; path = CIAPIObjectRequest.m; sourceTree = "<group>"; };
		076AF1CD1350931A0049972E /* CIAPIRequestDelegate.h */ = {isa = PBXFileReference; fileEncoding = 4; lastKnownFileType = sourcecode.c.h; path = CIAPIRequestDelegate.h; sourceTree = "<group>"; };
		076AF1CF135093730049972E /* CIAPIAuthenticatorDelegate.h */ = {isa = PBXFileReference; fileEncoding = 4; lastKnownFileType = sourcecode.c.h; path = CIAPIAuthenticatorDelegate.h; sourceTree = "<group>"; };
		076AF1D8135095370049972E /* CIAPIConfigConstants.h */ = {isa = PBXFileReference; fileEncoding = 4; lastKnownFileType = sourcecode.c.h; path = CIAPIConfigConstants.h; sourceTree = "<group>"; };
		076AF1DA1350A8540049972E /* AuthenticatorTests.h */ = {isa = PBXFileReference; fileEncoding = 4; lastKnownFileType = sourcecode.c.h; path = AuthenticatorTests.h; sourceTree = "<group>"; };
		076AF1DB1350A8540049972E /* AuthenticatorTests.m */ = {isa = PBXFileReference; fileEncoding = 4; lastKnownFileType = sourcecode.c.objc; path = AuthenticatorTests.m; sourceTree = "<group>"; };
		076AF1DE135231460049972E /* CIAPIRequestToken.h */ = {isa = PBXFileReference; fileEncoding = 4; lastKnownFileType = sourcecode.c.h; path = CIAPIRequestToken.h; sourceTree = "<group>"; };
		076AF1DF135231460049972E /* CIAPIRequestToken.m */ = {isa = PBXFileReference; fileEncoding = 4; lastKnownFileType = sourcecode.c.objc; path = CIAPIRequestToken.m; sourceTree = "<group>"; };
		076AF1EA1352395E0049972E /* DESIGN */ = {isa = PBXFileReference; fileEncoding = 4; lastKnownFileType = text; path = DESIGN; sourceTree = "<group>"; };
		076AF1EB13524D570049972E /* CIAPI.h */ = {isa = PBXFileReference; fileEncoding = 4; lastKnownFileType = sourcecode.c.h; path = CIAPI.h; sourceTree = "<group>"; };
		079A012E134285E00056C35E /* libRestKitCoreData.a */ = {isa = PBXFileReference; explicitFileType = archive.ar; path = libRestKitCoreData.a; sourceTree = BUILT_PRODUCTS_DIR; };
		079A012F134285E00056C35E /* libRestKitJSONParserYAJL.a */ = {isa = PBXFileReference; explicitFileType = archive.ar; path = libRestKitJSONParserYAJL.a; sourceTree = BUILT_PRODUCTS_DIR; };
		079A0130134285E00056C35E /* libRestKitNetwork.a */ = {isa = PBXFileReference; explicitFileType = archive.ar; path = libRestKitNetwork.a; sourceTree = BUILT_PRODUCTS_DIR; };
		079A0131134285E00056C35E /* libRestKitObjectMapping.a */ = {isa = PBXFileReference; explicitFileType = archive.ar; path = libRestKitObjectMapping.a; sourceTree = BUILT_PRODUCTS_DIR; };
		079A0132134285E00056C35E /* libRestKitSupport.a */ = {isa = PBXFileReference; explicitFileType = archive.ar; path = libRestKitSupport.a; sourceTree = BUILT_PRODUCTS_DIR; };
		079A0138134285E00056C35E /* CFNetwork.framework */ = {isa = PBXFileReference; lastKnownFileType = wrapper.framework; name = CFNetwork.framework; path = System/Library/Frameworks/CFNetwork.framework; sourceTree = SDKROOT; };
		079A0139134285E00056C35E /* MobileCoreServices.framework */ = {isa = PBXFileReference; lastKnownFileType = wrapper.framework; name = MobileCoreServices.framework; path = System/Library/Frameworks/MobileCoreServices.framework; sourceTree = SDKROOT; };
		079A013A134285E00056C35E /* SystemConfiguration.framework */ = {isa = PBXFileReference; lastKnownFileType = wrapper.framework; name = SystemConfiguration.framework; path = System/Library/Frameworks/SystemConfiguration.framework; sourceTree = SDKROOT; };
		079A013E134286140056C35E /* libRestKitCoreData.a */ = {isa = PBXFileReference; explicitFileType = archive.ar; path = libRestKitCoreData.a; sourceTree = BUILT_PRODUCTS_DIR; };
		079A013F134286140056C35E /* libRestKitJSONParserYAJL.a */ = {isa = PBXFileReference; explicitFileType = archive.ar; path = libRestKitJSONParserYAJL.a; sourceTree = BUILT_PRODUCTS_DIR; };
		079A0140134286140056C35E /* libRestKitNetwork.a */ = {isa = PBXFileReference; explicitFileType = archive.ar; path = libRestKitNetwork.a; sourceTree = BUILT_PRODUCTS_DIR; };
		079A0141134286140056C35E /* libRestKitObjectMapping.a */ = {isa = PBXFileReference; explicitFileType = archive.ar; path = libRestKitObjectMapping.a; sourceTree = BUILT_PRODUCTS_DIR; };
		079A0142134286140056C35E /* libRestKitSupport.a */ = {isa = PBXFileReference; explicitFileType = archive.ar; path = libRestKitSupport.a; sourceTree = BUILT_PRODUCTS_DIR; };
		079A0148134286140056C35E /* CFNetwork.framework */ = {isa = PBXFileReference; lastKnownFileType = wrapper.framework; name = CFNetwork.framework; path = System/Library/Frameworks/CFNetwork.framework; sourceTree = SDKROOT; };
		079A0149134286140056C35E /* MobileCoreServices.framework */ = {isa = PBXFileReference; lastKnownFileType = wrapper.framework; name = MobileCoreServices.framework; path = System/Library/Frameworks/MobileCoreServices.framework; sourceTree = SDKROOT; };
		079A014A134286140056C35E /* SystemConfiguration.framework */ = {isa = PBXFileReference; lastKnownFileType = wrapper.framework; name = SystemConfiguration.framework; path = System/Library/Frameworks/SystemConfiguration.framework; sourceTree = SDKROOT; };
		07D54CEB1342737800DD2A60 /* LSClient.h */ = {isa = PBXFileReference; fileEncoding = 4; lastKnownFileType = sourcecode.c.h; name = LSClient.h; path = "../Lightstreamer/Lightstreamer explorer/iStreamLight/LSClient.h"; sourceTree = "<group>"; };
		07D54CEC1342737800DD2A60 /* LSClient.m */ = {isa = PBXFileReference; fileEncoding = 4; lastKnownFileType = sourcecode.c.objc; name = LSClient.m; path = "../Lightstreamer/Lightstreamer explorer/iStreamLight/LSClient.m"; sourceTree = "<group>"; };
		07D54CED1342737800DD2A60 /* LSException.h */ = {isa = PBXFileReference; fileEncoding = 4; lastKnownFileType = sourcecode.c.h; name = LSException.h; path = "../Lightstreamer/Lightstreamer explorer/iStreamLight/LSException.h"; sourceTree = "<group>"; };
		07D54CEE1342737800DD2A60 /* LSException.m */ = {isa = PBXFileReference; fileEncoding = 4; lastKnownFileType = sourcecode.c.objc; name = LSException.m; path = "../Lightstreamer/Lightstreamer explorer/iStreamLight/LSException.m"; sourceTree = "<group>"; };
		07D54CEF1342737800DD2A60 /* LSListener.h */ = {isa = PBXFileReference; fileEncoding = 4; lastKnownFileType = sourcecode.c.h; name = LSListener.h; path = "../Lightstreamer/Lightstreamer explorer/iStreamLight/LSListener.h"; sourceTree = "<group>"; };
		07D54CF01342737800DD2A60 /* LSMode.h */ = {isa = PBXFileReference; fileEncoding = 4; lastKnownFileType = sourcecode.c.h; name = LSMode.h; path = "../Lightstreamer/Lightstreamer explorer/iStreamLight/LSMode.h"; sourceTree = "<group>"; };
		07D54CF11342737800DD2A60 /* LSSession.h */ = {isa = PBXFileReference; fileEncoding = 4; lastKnownFileType = sourcecode.c.h; name = LSSession.h; path = "../Lightstreamer/Lightstreamer explorer/iStreamLight/LSSession.h"; sourceTree = "<group>"; };
		07D54CF21342737800DD2A60 /* LSSession.m */ = {isa = PBXFileReference; fileEncoding = 4; lastKnownFileType = sourcecode.c.objc; name = LSSession.m; path = "../Lightstreamer/Lightstreamer explorer/iStreamLight/LSSession.m"; sourceTree = "<group>"; };
		07D54CF31342737800DD2A60 /* LSSession+Internals.h */ = {isa = PBXFileReference; fileEncoding = 4; lastKnownFileType = sourcecode.c.h; name = "LSSession+Internals.h"; path = "../Lightstreamer/Lightstreamer explorer/iStreamLight/LSSession+Internals.h"; sourceTree = "<group>"; };
		07D54CF41342737800DD2A60 /* LSSession+Internals.m */ = {isa = PBXFileReference; fileEncoding = 4; lastKnownFileType = sourcecode.c.objc; name = "LSSession+Internals.m"; path = "../Lightstreamer/Lightstreamer explorer/iStreamLight/LSSession+Internals.m"; sourceTree = "<group>"; };
		07D54CF51342737800DD2A60 /* LSSessionOptions.h */ = {isa = PBXFileReference; fileEncoding = 4; lastKnownFileType = sourcecode.c.h; name = LSSessionOptions.h; path = "../Lightstreamer/Lightstreamer explorer/iStreamLight/LSSessionOptions.h"; sourceTree = "<group>"; };
		07D54CF61342737800DD2A60 /* LSSessionOptions.m */ = {isa = PBXFileReference; fileEncoding = 4; lastKnownFileType = sourcecode.c.objc; name = LSSessionOptions.m; path = "../Lightstreamer/Lightstreamer explorer/iStreamLight/LSSessionOptions.m"; sourceTree = "<group>"; };
		07D54CF71342737800DD2A60 /* LSSessionOptions+Internals.h */ = {isa = PBXFileReference; fileEncoding = 4; lastKnownFileType = sourcecode.c.h; name = "LSSessionOptions+Internals.h"; path = "../Lightstreamer/Lightstreamer explorer/iStreamLight/LSSessionOptions+Internals.h"; sourceTree = "<group>"; };
		07D54CF81342737800DD2A60 /* LSSessionOptions+Internals.m */ = {isa = PBXFileReference; fileEncoding = 4; lastKnownFileType = sourcecode.c.objc; name = "LSSessionOptions+Internals.m"; path = "../Lightstreamer/Lightstreamer explorer/iStreamLight/LSSessionOptions+Internals.m"; sourceTree = "<group>"; };
		07D54CF91342737800DD2A60 /* LSUnchangedValue.h */ = {isa = PBXFileReference; fileEncoding = 4; lastKnownFileType = sourcecode.c.h; name = LSUnchangedValue.h; path = "../Lightstreamer/Lightstreamer explorer/iStreamLight/LSUnchangedValue.h"; sourceTree = "<group>"; };
		07D54CFA1342737800DD2A60 /* LSUnchangedValue.m */ = {isa = PBXFileReference; fileEncoding = 4; lastKnownFileType = sourcecode.c.objc; name = LSUnchangedValue.m; path = "../Lightstreamer/Lightstreamer explorer/iStreamLight/LSUnchangedValue.m"; sourceTree = "<group>"; };
		07DEFE421342710E00CFA705 /* libCIAPI.a */ = {isa = PBXFileReference; explicitFileType = archive.ar; includeInIndex = 0; path = libCIAPI.a; sourceTree = BUILT_PRODUCTS_DIR; };
		07DEFE451342710E00CFA705 /* Foundation.framework */ = {isa = PBXFileReference; lastKnownFileType = wrapper.framework; name = Foundation.framework; path = System/Library/Frameworks/Foundation.framework; sourceTree = SDKROOT; };
		07DEFE491342710E00CFA705 /* CIAPI-Prefix.pch */ = {isa = PBXFileReference; lastKnownFileType = sourcecode.c.h; path = "CIAPI-Prefix.pch"; sourceTree = "<group>"; };
		07DEFE4F1342710E00CFA705 /* CIAPITests.octest */ = {isa = PBXFileReference; explicitFileType = wrapper.cfbundle; includeInIndex = 0; path = CIAPITests.octest; sourceTree = BUILT_PRODUCTS_DIR; };
		07DEFE501342710E00CFA705 /* UIKit.framework */ = {isa = PBXFileReference; lastKnownFileType = wrapper.framework; name = UIKit.framework; path = System/Library/Frameworks/UIKit.framework; sourceTree = SDKROOT; };
		07DEFE531342710E00CFA705 /* CoreGraphics.framework */ = {isa = PBXFileReference; lastKnownFileType = wrapper.framework; name = CoreGraphics.framework; path = System/Library/Frameworks/CoreGraphics.framework; sourceTree = SDKROOT; };
		07DEFE5A1342710E00CFA705 /* CIAPITests-Info.plist */ = {isa = PBXFileReference; lastKnownFileType = text.plist.xml; path = "CIAPITests-Info.plist"; sourceTree = "<group>"; };
		07DEFE5C1342710E00CFA705 /* en */ = {isa = PBXFileReference; lastKnownFileType = text.plist.strings; name = en; path = en.lproj/InfoPlist.strings; sourceTree = "<group>"; };
		07DEFE5E1342710E00CFA705 /* CIAPITests-Prefix.pch */ = {isa = PBXFileReference; lastKnownFileType = sourcecode.c.h; path = "CIAPITests-Prefix.pch"; sourceTree = "<group>"; };
		07DEFE5F1342710E00CFA705 /* CIAPITests.h */ = {isa = PBXFileReference; lastKnownFileType = sourcecode.c.h; path = CIAPITests.h; sourceTree = "<group>"; };
		07DEFE611342710E00CFA705 /* CIAPITests.m */ = {isa = PBXFileReference; lastKnownFileType = sourcecode.c.objc; path = CIAPITests.m; sourceTree = "<group>"; };
/* End PBXFileReference section */

/* Begin PBXFrameworksBuildPhase section */
		07DEFE3F1342710E00CFA705 /* Frameworks */ = {
			isa = PBXFrameworksBuildPhase;
			buildActionMask = 2147483647;
			files = (
				079A013B134285E00056C35E /* CFNetwork.framework in Frameworks */,
				079A013C134285E00056C35E /* MobileCoreServices.framework in Frameworks */,
				079A013D134285E00056C35E /* SystemConfiguration.framework in Frameworks */,
				079A0134134285E00056C35E /* libRestKitJSONParserYAJL.a in Frameworks */,
				079A0135134285E00056C35E /* libRestKitNetwork.a in Frameworks */,
				079A0136134285E00056C35E /* libRestKitObjectMapping.a in Frameworks */,
				079A0137134285E00056C35E /* libRestKitSupport.a in Frameworks */,
				07DEFE461342710E00CFA705 /* Foundation.framework in Frameworks */,
			);
			runOnlyForDeploymentPostprocessing = 0;
		};
		07DEFE4B1342710E00CFA705 /* Frameworks */ = {
			isa = PBXFrameworksBuildPhase;
			buildActionMask = 2147483647;
			files = (
				079A014B134286140056C35E /* CFNetwork.framework in Frameworks */,
				079A014C134286140056C35E /* MobileCoreServices.framework in Frameworks */,
				079A014D134286140056C35E /* SystemConfiguration.framework in Frameworks */,
				07DEFE511342710E00CFA705 /* UIKit.framework in Frameworks */,
				07DEFE521342710E00CFA705 /* Foundation.framework in Frameworks */,
				07DEFE541342710E00CFA705 /* CoreGraphics.framework in Frameworks */,
				07DEFE571342710E00CFA705 /* libCIAPI.a in Frameworks */,
			);
			runOnlyForDeploymentPostprocessing = 0;
		};
/* End PBXFrameworksBuildPhase section */

/* Begin PBXGroup section */
		075993FD136C69A90040D454 /* JSON Property manager */ = {
			isa = PBXGroup;
			children = (
				075993FE136C69C90040D454 /* ObjectPropertiesJSONMapper.h */,
				075993FF136C69C90040D454 /* ObjectPropertiesJSONMapper.m */,
			);
			name = "JSON Property manager";
			sourceTree = "<group>";
		};
		0759940A136D903C0040D454 /* Requests */ = {
			isa = PBXGroup;
			children = (
				07599406136D8F670040D454 /* CIAPIGetClientAndTradingAccountRequest.h */,
				07599407136D8F670040D454 /* CIAPIGetClientAndTradingAccountRequest.m */,
			);
			name = Requests;
			sourceTree = "<group>";
		};
		0759940B136D90420040D454 /* Responses */ = {
			isa = PBXGroup;
			children = (
				0759940C136D905A0040D454 /* CIAPIAccountInformationResponse.h */,
				0759940D136D905A0040D454 /* CIAPIAccountInformationResponse.m */,
			);
			name = Responses;
			sourceTree = "<group>";
		};
		07599410136D91050040D454 /* Composite Elements */ = {
			isa = PBXGroup;
			children = (
				07599411136D91170040D454 /* CIAPITradingAccount.h */,
				07599412136D91170040D454 /* CIAPITradingAccount.m */,
			);
			name = "Composite Elements";
			sourceTree = "<group>";
		};
		075A1F56134B717D0012A094 /* Generated DTOs */ = {
			isa = PBXGroup;
			children = (
				075A1F57134B717D0012A094 /* CIAPIApiActiveStopLimitOrder.h */,
				075A1F58134B717D0012A094 /* CIAPIApiActiveStopLimitOrder.m */,
				075A1F59134B717D0012A094 /* CIAPIApiBasicStopLimitOrder.h */,
				075A1F5A134B717D0012A094 /* CIAPIApiBasicStopLimitOrder.m */,
				075A1F5B134B717D0012A094 /* CIAPIApiIfDoneResponse.h */,
				075A1F5C134B717D0012A094 /* CIAPIApiIfDoneResponse.m */,
				075A1F5D134B717D0012A094 /* CIAPIApiOpenPosition.h */,
				075A1F5E134B717D0012A094 /* CIAPIApiOpenPosition.m */,
				075A1F5F134B717D0012A094 /* CIAPIApiOrderResponse.h */,
				075A1F60134B717D0012A094 /* CIAPIApiOrderResponse.m */,
				075A1F61134B717D0012A094 /* CIAPIApiQuoteResponse.h */,
				075A1F62134B717D0012A094 /* CIAPIApiQuoteResponse.m */,
				075A1F63134B717D0012A094 /* CIAPIApiStopLimitOrderHistory.h */,
				075A1F64134B717D0012A094 /* CIAPIApiStopLimitOrderHistory.m */,
				075A1F65134B717D0012A094 /* CIAPIApiStopLimitResponse.h */,
				075A1F66134B717D0012A094 /* CIAPIApiStopLimitResponse.m */,
				075A1F67134B717D0012A094 /* CIAPIApiTradeHistory.h */,
				075A1F68134B717D0012A094 /* CIAPIApiTradeHistory.m */,
				075A1F69134B717D0012A094 /* CIAPIApiTradeOrderResponse.h */,
				075A1F6A134B717D0012A094 /* CIAPIApiTradeOrderResponse.m */,
				075A1F6B134B717D0012A094 /* CIAPICancelOrderRequest.h */,
				075A1F6C134B717D0012A094 /* CIAPICancelOrderRequest.m */,
				075A1F6D134B717D0012A094 /* CIAPIClientAccountMargin.h */,
				075A1F6E134B717D0012A094 /* CIAPIClientAccountMargin.m */,
				075A1F6F134B717D0012A094 /* CIAPICreateSessionResponse.h */,
				075A1F70134B717D0012A094 /* CIAPICreateSessionResponse.m */,
				075A1F71134B717D0012A094 /* CIAPIDataTypeObjects.h */,
				075A1F72134B717D0012A094 /* CIAPIErrorResponse.h */,
				075A1F73134B717D0012A094 /* CIAPIErrorResponse.m */,
				075A1F74134B717D0012A094 /* CIAPIG2SessionValidationResponse.h */,
				075A1F75134B717D0012A094 /* CIAPIG2SessionValidationResponse.m */,
				075A1F76134B717D0012A094 /* CIAPIGatewayIfDone.h */,
				075A1F77134B717D0012A094 /* CIAPIGatewayIfDone.m */,
				075A1F78134B717D0012A094 /* CIAPIGatewayOrder.h */,
				075A1F79134B717D0012A094 /* CIAPIGatewayOrder.m */,
				075A1F7A134B717D0012A094 /* CIAPIGatewayStopLimitOrder.h */,
				075A1F7B134B717D0012A094 /* CIAPIGatewayStopLimitOrder.m */,
				075A1F7C134B717D0012A094 /* CIAPIGetNewsDetailResponse.h */,
				075A1F7D134B717D0012A094 /* CIAPIGetNewsDetailResponse.m */,
				075A1F7E134B717D0012A094 /* CIAPIGetPriceBarResponse.h */,
				075A1F7F134B717D0012A094 /* CIAPIGetPriceBarResponse.m */,
				075A1F80134B717D0012A094 /* CIAPIGetPriceTickResponse.h */,
				075A1F81134B717D0012A094 /* CIAPIGetPriceTickResponse.m */,
				075A1F82134B717D0012A094 /* CIAPIListActiveStopLimitOrderResponse.h */,
				075A1F83134B717D0012A094 /* CIAPIListActiveStopLimitOrderResponse.m */,
				075A1F84134B717D0012A094 /* CIAPIListCfdMarketsResponse.h */,
				075A1F85134B717D0012A094 /* CIAPIListCfdMarketsResponse.m */,
				075A1F86134B717D0012A094 /* CIAPIListNewsHeadlinesResponse.h */,
				075A1F87134B717D0012A094 /* CIAPIListNewsHeadlinesResponse.m */,
				075A1F88134B717D0012A094 /* CIAPIListOpenPositionsResponse.h */,
				075A1F89134B717D0012A094 /* CIAPIListOpenPositionsResponse.m */,
				075A1F8A134B717D0012A094 /* CIAPIListOrdersResponse.h */,
				075A1F8B134B717D0012A094 /* CIAPIListOrdersResponse.m */,
				075A1F8C134B717D0012A094 /* CIAPIListSpreadMarketsResponse.h */,
				075A1F8D134B717D0012A094 /* CIAPIListSpreadMarketsResponse.m */,
				075A1F8E134B717D0012A094 /* CIAPIListStopLimitOrderHistoryResponse.h */,
				075A1F8F134B717D0012A094 /* CIAPIListStopLimitOrderHistoryResponse.m */,
				075A1F90134B717D0012A094 /* CIAPIListTradeHistoryResponse.h */,
				075A1F91134B717D0012A094 /* CIAPIListTradeHistoryResponse.m */,
				075A1F92134B717D0012A094 /* CIAPILogOnRequest.h */,
				075A1F93134B717D0012A094 /* CIAPILogOnRequest.m */,
				075A1F94134B717D0012A094 /* CIAPIMarket.h */,
				075A1F95134B717D0012A094 /* CIAPIMarket.m */,
				075A1F96134B717D0012A094 /* CIAPINews.h */,
				075A1F97134B717D0012A094 /* CIAPINews.m */,
				075A1F98134B717D0012A094 /* CIAPINewsDetail.h */,
				075A1F99134B717D0012A094 /* CIAPINewsDetail.m */,
				075A1F9A134B717D0012A094 /* CIAPINewStopLimitOrderRequest.h */,
				075A1F9B134B717D0012A094 /* CIAPINewStopLimitOrderRequest.m */,
				075A1F9C134B717D0012A094 /* CIAPINewTradeOrderRequest.h */,
				075A1F9D134B717D0012A094 /* CIAPINewTradeOrderRequest.m */,
				075A1F9E134B717D0012A094 /* CIAPIOcoOrderRequest.h */,
				075A1F9F134B717D0012A094 /* CIAPIOcoOrderRequest.m */,
				075A1FA0134B717D0012A094 /* CIAPIOrder.h */,
				075A1FA1134B717D0012A094 /* CIAPIOrder.m */,
				075A1FA2134B717D0012A094 /* CIAPIPrice.h */,
				075A1FA3134B717D0012A094 /* CIAPIPrice.m */,
				075A1FA4134B717D0012A094 /* CIAPIPriceBar.h */,
				075A1FA5134B717D0012A094 /* CIAPIPriceBar.m */,
				075A1FA6134B717D0012A094 /* CIAPIPriceTick.h */,
				075A1FA7134B717D0012A094 /* CIAPIPriceTick.m */,
				075A1FA8134B717D0012A094 /* CIAPIQuote.h */,
				075A1FA9134B717D0012A094 /* CIAPIQuote.m */,
				075A1FAA134B717D0012A094 /* CIAPISessionDeletionRequest.h */,
				075A1FAB134B717D0012A094 /* CIAPISessionDeletionRequest.m */,
				075A1FAC134B717D0012A094 /* CIAPISessionDeletionResponse.h */,
				075A1FAD134B717D0012A094 /* CIAPISessionDeletionResponse.m */,
				075A2005134B738A0012A094 /* CIAPIErrorCode.h */,
			);
			name = "Generated DTOs";
			path = DTOs;
			sourceTree = "<group>";
		};
		075E8E17134271BF00C85B9B /* Products */ = {
			isa = PBXGroup;
			children = (
				075E8E2B134271BF00C85B9B /* libRestKitNetwork.a */,
				075E8E2D134271BF00C85B9B /* libRestKitObjectMapping.a */,
				075E8E2F134271BF00C85B9B /* libRestKitSupport.a */,
				075E8E31134271BF00C85B9B /* libRestKitJSONParserYAJL.a */,
				075E8E33134271BF00C85B9B /* libRestKitJSONParserSBJSON.a */,
				075E8E35134271BF00C85B9B /* libRestKitJSONParserJSONKit.a */,
				075E8E37134271BF00C85B9B /* libRestKitXMLParserLibxml.a */,
				075E8E39134271BF00C85B9B /* libRestKitCoreData.a */,
				075E8E3B134271BF00C85B9B /* libRestKitThree20.a */,
				075E8E3D134271BF00C85B9B /* UISpec.app */,
			);
			name = Products;
			sourceTree = "<group>";
		};
		076AF1D1135093DA0049972E /* Authenticator */ = {
			isa = PBXGroup;
			children = (
				076AF1C3134FC4510049972E /* CIAPIAuthenticator.h */,
				076AF1C4134FC4510049972E /* CIAPIAuthenticator.m */,
				076AF1CF135093730049972E /* CIAPIAuthenticatorDelegate.h */,
			);
			name = Authenticator;
			sourceTree = "<group>";
		};
		07A65B90136B11FF00B78941 /* Handcrafted DTOs */ = {
			isa = PBXGroup;
			children = (
				07599410136D91050040D454 /* Composite Elements */,
				0759940B136D90420040D454 /* Responses */,
				0759940A136D903C0040D454 /* Requests */,
			);
			name = "Handcrafted DTOs";
			path = DTOs;
			sourceTree = "<group>";
		};
		07A65B92136B122C00B78941 /* Client */ = {
			isa = PBXGroup;
			children = (
				076AF1C7134FC4B90049972E /* CIAPIStreamDelegate.h */,
				076AF1CD1350931A0049972E /* CIAPIRequestDelegate.h */,
				076AF1DE135231460049972E /* CIAPIRequestToken.h */,
				076AF1DF135231460049972E /* CIAPIRequestToken.m */,
				076AF1C9135093070049972E /* CIAPIObjectRequest.h */,
				076AF1CA135093070049972E /* CIAPIObjectRequest.m */,
				07599402136D8DCE0040D454 /* CIAPIObjectResponse.h */,
				07599403136D8DCE0040D454 /* CIAPIObjectResponse.m */,
				0759941A136DB62C0040D454 /* CIAPIObjectListResponse.h */,
				0759941B136DB62C0040D454 /* CIAPIObjectListResponse.m */,
				075E8E3F1342724900C85B9B /* CIAPIClient.h */,
				075E8E401342724900C85B9B /* CIAPIClient.m */,
			);
			name = Client;
			sourceTree = "<group>";
		};
		07D54CEA1342734D00DD2A60 /* iStreamLight */ = {
			isa = PBXGroup;
			children = (
				07D54CEB1342737800DD2A60 /* LSClient.h */,
				07D54CEC1342737800DD2A60 /* LSClient.m */,
				07D54CED1342737800DD2A60 /* LSException.h */,
				07D54CEE1342737800DD2A60 /* LSException.m */,
				07D54CEF1342737800DD2A60 /* LSListener.h */,
				07D54CF01342737800DD2A60 /* LSMode.h */,
				07D54CF11342737800DD2A60 /* LSSession.h */,
				07D54CF21342737800DD2A60 /* LSSession.m */,
				07D54CF31342737800DD2A60 /* LSSession+Internals.h */,
				07D54CF41342737800DD2A60 /* LSSession+Internals.m */,
				07D54CF51342737800DD2A60 /* LSSessionOptions.h */,
				07D54CF61342737800DD2A60 /* LSSessionOptions.m */,
				07D54CF71342737800DD2A60 /* LSSessionOptions+Internals.h */,
				07D54CF81342737800DD2A60 /* LSSessionOptions+Internals.m */,
				07D54CF91342737800DD2A60 /* LSUnchangedValue.h */,
				07D54CFA1342737800DD2A60 /* LSUnchangedValue.m */,
			);
			name = iStreamLight;
			sourceTree = "<group>";
		};
		07DEFE371342710E00CFA705 = {
			isa = PBXGroup;
			children = (
				075E8E16134271BF00C85B9B /* RestKit.xcodeproj */,
				07D54CEA1342734D00DD2A60 /* iStreamLight */,
				07DEFE471342710E00CFA705 /* CIAPI */,
				07DEFE581342710E00CFA705 /* CIAPITests */,
				07DEFE441342710E00CFA705 /* Frameworks */,
				07DEFE431342710E00CFA705 /* Products */,
			);
			sourceTree = "<group>";
		};
		07DEFE431342710E00CFA705 /* Products */ = {
			isa = PBXGroup;
			children = (
				07DEFE421342710E00CFA705 /* libCIAPI.a */,
				07DEFE4F1342710E00CFA705 /* CIAPITests.octest */,
			);
			name = Products;
			sourceTree = "<group>";
		};
		07DEFE441342710E00CFA705 /* Frameworks */ = {
			isa = PBXGroup;
			children = (
				079A0149134286140056C35E /* MobileCoreServices.framework */,
				079A014A134286140056C35E /* SystemConfiguration.framework */,
				079A013E134286140056C35E /* libRestKitCoreData.a */,
				079A013F134286140056C35E /* libRestKitJSONParserYAJL.a */,
				079A0140134286140056C35E /* libRestKitNetwork.a */,
				079A0141134286140056C35E /* libRestKitObjectMapping.a */,
				079A0142134286140056C35E /* libRestKitSupport.a */,
				079A0138134285E00056C35E /* CFNetwork.framework */,
				079A0139134285E00056C35E /* MobileCoreServices.framework */,
				079A013A134285E00056C35E /* SystemConfiguration.framework */,
				079A012E134285E00056C35E /* libRestKitCoreData.a */,
				079A012F134285E00056C35E /* libRestKitJSONParserYAJL.a */,
				079A0130134285E00056C35E /* libRestKitNetwork.a */,
				079A0131134285E00056C35E /* libRestKitObjectMapping.a */,
				079A0132134285E00056C35E /* libRestKitSupport.a */,
				079A0148134286140056C35E /* CFNetwork.framework */,
				07DEFE451342710E00CFA705 /* Foundation.framework */,
				07DEFE501342710E00CFA705 /* UIKit.framework */,
				07DEFE531342710E00CFA705 /* CoreGraphics.framework */,
			);
			name = Frameworks;
			sourceTree = "<group>";
		};
		07DEFE471342710E00CFA705 /* CIAPI */ = {
			isa = PBXGroup;
			children = (
				075993FD136C69A90040D454 /* JSON Property manager */,
				07A65B92136B122C00B78941 /* Client */,
				076AF1D1135093DA0049972E /* Authenticator */,
				07A65B90136B11FF00B78941 /* Handcrafted DTOs */,
				075A1F56134B717D0012A094 /* Generated DTOs */,
				07DEFE481342710E00CFA705 /* Supporting Files */,
				076AF1D8135095370049972E /* CIAPIConfigConstants.h */,
				076AF1EA1352395E0049972E /* DESIGN */,
				076AF1EB13524D570049972E /* CIAPI.h */,
			);
			path = CIAPI;
			sourceTree = "<group>";
		};
		07DEFE481342710E00CFA705 /* Supporting Files */ = {
			isa = PBXGroup;
			children = (
				07DEFE491342710E00CFA705 /* CIAPI-Prefix.pch */,
			);
			name = "Supporting Files";
			sourceTree = "<group>";
		};
		07DEFE581342710E00CFA705 /* CIAPITests */ = {
			isa = PBXGroup;
			children = (
				07DEFE591342710E00CFA705 /* Supporting Files */,
				07DEFE5F1342710E00CFA705 /* CIAPITests.h */,
				07DEFE611342710E00CFA705 /* CIAPITests.m */,
				076AF1DA1350A8540049972E /* AuthenticatorTests.h */,
				076AF1DB1350A8540049972E /* AuthenticatorTests.m */,
				07599415136D92A00040D454 /* DTORequests.h */,
				07599416136D92A00040D454 /* DTORequests.m */,
			);
			path = CIAPITests;
			sourceTree = "<group>";
		};
		07DEFE591342710E00CFA705 /* Supporting Files */ = {
			isa = PBXGroup;
			children = (
				07DEFE5A1342710E00CFA705 /* CIAPITests-Info.plist */,
				07DEFE5B1342710E00CFA705 /* InfoPlist.strings */,
				07DEFE5E1342710E00CFA705 /* CIAPITests-Prefix.pch */,
			);
			name = "Supporting Files";
			sourceTree = "<group>";
		};
/* End PBXGroup section */

/* Begin PBXHeadersBuildPhase section */
		07DEFE401342710E00CFA705 /* Headers */ = {
			isa = PBXHeadersBuildPhase;
			buildActionMask = 2147483647;
			files = (
				075E8E411342724900C85B9B /* CIAPIClient.h in Headers */,
				07D54CFB1342737800DD2A60 /* LSClient.h in Headers */,
				07D54CFD1342737800DD2A60 /* LSException.h in Headers */,
				07D54CFF1342737800DD2A60 /* LSListener.h in Headers */,
				07D54D001342737800DD2A60 /* LSMode.h in Headers */,
				07D54D011342737800DD2A60 /* LSSession.h in Headers */,
				07D54D031342737800DD2A60 /* LSSession+Internals.h in Headers */,
				07D54D051342737800DD2A60 /* LSSessionOptions.h in Headers */,
				07D54D071342737800DD2A60 /* LSSessionOptions+Internals.h in Headers */,
				07D54D091342737800DD2A60 /* LSUnchangedValue.h in Headers */,
				075A1FAE134B717D0012A094 /* CIAPIApiActiveStopLimitOrder.h in Headers */,
				075A1FB0134B717D0012A094 /* CIAPIApiBasicStopLimitOrder.h in Headers */,
				075A1FB2134B717D0012A094 /* CIAPIApiIfDoneResponse.h in Headers */,
				075A1FB4134B717D0012A094 /* CIAPIApiOpenPosition.h in Headers */,
				075A1FB6134B717D0012A094 /* CIAPIApiOrderResponse.h in Headers */,
				075A1FB8134B717D0012A094 /* CIAPIApiQuoteResponse.h in Headers */,
				075A1FBA134B717D0012A094 /* CIAPIApiStopLimitOrderHistory.h in Headers */,
				075A1FBC134B717D0012A094 /* CIAPIApiStopLimitResponse.h in Headers */,
				075A1FBE134B717D0012A094 /* CIAPIApiTradeHistory.h in Headers */,
				075A1FC0134B717D0012A094 /* CIAPIApiTradeOrderResponse.h in Headers */,
				075A1FC2134B717D0012A094 /* CIAPICancelOrderRequest.h in Headers */,
				075A1FC4134B717D0012A094 /* CIAPIClientAccountMargin.h in Headers */,
				075A1FC6134B717D0012A094 /* CIAPICreateSessionResponse.h in Headers */,
				075A1FC8134B717D0012A094 /* CIAPIDataTypeObjects.h in Headers */,
				075A1FC9134B717D0012A094 /* CIAPIErrorResponse.h in Headers */,
				075A1FCB134B717D0012A094 /* CIAPIG2SessionValidationResponse.h in Headers */,
				075A1FCD134B717D0012A094 /* CIAPIGatewayIfDone.h in Headers */,
				075A1FCF134B717D0012A094 /* CIAPIGatewayOrder.h in Headers */,
				075A1FD1134B717D0012A094 /* CIAPIGatewayStopLimitOrder.h in Headers */,
				075A1FD3134B717D0012A094 /* CIAPIGetNewsDetailResponse.h in Headers */,
				075A1FD5134B717D0012A094 /* CIAPIGetPriceBarResponse.h in Headers */,
				075A1FD7134B717D0012A094 /* CIAPIGetPriceTickResponse.h in Headers */,
				075A1FD9134B717D0012A094 /* CIAPIListActiveStopLimitOrderResponse.h in Headers */,
				075A1FDB134B717D0012A094 /* CIAPIListCfdMarketsResponse.h in Headers */,
				075A1FDD134B717D0012A094 /* CIAPIListNewsHeadlinesResponse.h in Headers */,
				075A1FDF134B717D0012A094 /* CIAPIListOpenPositionsResponse.h in Headers */,
				075A1FE1134B717D0012A094 /* CIAPIListOrdersResponse.h in Headers */,
				075A1FE3134B717D0012A094 /* CIAPIListSpreadMarketsResponse.h in Headers */,
				075A1FE5134B717D0012A094 /* CIAPIListStopLimitOrderHistoryResponse.h in Headers */,
				075A1FE7134B717D0012A094 /* CIAPIListTradeHistoryResponse.h in Headers */,
				075A1FE9134B717D0012A094 /* CIAPILogOnRequest.h in Headers */,
				075A1FEB134B717D0012A094 /* CIAPIMarket.h in Headers */,
				075A1FED134B717D0012A094 /* CIAPINews.h in Headers */,
				075A1FEF134B717D0012A094 /* CIAPINewsDetail.h in Headers */,
				075A1FF1134B717D0012A094 /* CIAPINewStopLimitOrderRequest.h in Headers */,
				075A1FF3134B717D0012A094 /* CIAPINewTradeOrderRequest.h in Headers */,
				075A1FF5134B717D0012A094 /* CIAPIOcoOrderRequest.h in Headers */,
				075A1FF7134B717D0012A094 /* CIAPIOrder.h in Headers */,
				075A1FF9134B717D0012A094 /* CIAPIPrice.h in Headers */,
				075A1FFB134B717D0012A094 /* CIAPIPriceBar.h in Headers */,
				075A1FFD134B717D0012A094 /* CIAPIPriceTick.h in Headers */,
				075A1FFF134B717D0012A094 /* CIAPIQuote.h in Headers */,
				075A2001134B717D0012A094 /* CIAPISessionDeletionRequest.h in Headers */,
				075A2003134B717D0012A094 /* CIAPISessionDeletionResponse.h in Headers */,
				075A2006134B738A0012A094 /* CIAPIErrorCode.h in Headers */,
				076AF1C5134FC4510049972E /* CIAPIAuthenticator.h in Headers */,
				076AF1C8134FC4B90049972E /* CIAPIStreamDelegate.h in Headers */,
				076AF1CB135093070049972E /* CIAPIObjectRequest.h in Headers */,
				076AF1CE1350931A0049972E /* CIAPIRequestDelegate.h in Headers */,
				076AF1D0135093730049972E /* CIAPIAuthenticatorDelegate.h in Headers */,
				076AF1D9135095370049972E /* CIAPIConfigConstants.h in Headers */,
				076AF1DC1350A8540049972E /* AuthenticatorTests.h in Headers */,
				076AF1E0135231470049972E /* CIAPIRequestToken.h in Headers */,
				076AF1ED13524D590049972E /* CIAPI.h in Headers */,
				07599400136C69C90040D454 /* ObjectPropertiesJSONMapper.h in Headers */,
				07599404136D8DCE0040D454 /* CIAPIObjectResponse.h in Headers */,
				07599408136D8F670040D454 /* CIAPIGetClientAndTradingAccountRequest.h in Headers */,
				0759940E136D905A0040D454 /* CIAPIAccountInformationResponse.h in Headers */,
				07599413136D91170040D454 /* CIAPITradingAccount.h in Headers */,
				07599417136D92A00040D454 /* DTORequests.h in Headers */,
				0759941C136DB62C0040D454 /* CIAPIObjectListResponse.h in Headers */,
			);
			runOnlyForDeploymentPostprocessing = 0;
		};
/* End PBXHeadersBuildPhase section */

/* Begin PBXNativeTarget section */
		07DEFE411342710E00CFA705 /* CIAPI */ = {
			isa = PBXNativeTarget;
			buildConfigurationList = 07DEFE651342710E00CFA705 /* Build configuration list for PBXNativeTarget "CIAPI" */;
			buildPhases = (
				07DEFE3E1342710E00CFA705 /* Sources */,
				07DEFE3F1342710E00CFA705 /* Frameworks */,
				07DEFE401342710E00CFA705 /* Headers */,
			);
			buildRules = (
			);
			dependencies = (
			);
			name = CIAPI;
			productName = CIAPI;
			productReference = 07DEFE421342710E00CFA705 /* libCIAPI.a */;
			productType = "com.apple.product-type.library.static";
		};
		07DEFE4E1342710E00CFA705 /* CIAPITests */ = {
			isa = PBXNativeTarget;
			buildConfigurationList = 07DEFE681342710E00CFA705 /* Build configuration list for PBXNativeTarget "CIAPITests" */;
			buildPhases = (
				07DEFE4A1342710E00CFA705 /* Sources */,
				07DEFE4B1342710E00CFA705 /* Frameworks */,
				07DEFE4C1342710E00CFA705 /* Resources */,
				07DEFE4D1342710E00CFA705 /* ShellScript */,
			);
			buildRules = (
			);
			dependencies = (
				07DEFE561342710E00CFA705 /* PBXTargetDependency */,
			);
			name = CIAPITests;
			productName = CIAPITests;
			productReference = 07DEFE4F1342710E00CFA705 /* CIAPITests.octest */;
			productType = "com.apple.product-type.bundle";
		};
/* End PBXNativeTarget section */

/* Begin PBXProject section */
		07DEFE391342710E00CFA705 /* Project object */ = {
			isa = PBXProject;
			buildConfigurationList = 07DEFE3C1342710E00CFA705 /* Build configuration list for PBXProject "CIAPI" */;
			compatibilityVersion = "Xcode 3.2";
			developmentRegion = English;
			hasScannedForEncodings = 0;
			knownRegions = (
				en,
			);
			mainGroup = 07DEFE371342710E00CFA705;
			productRefGroup = 07DEFE431342710E00CFA705 /* Products */;
			projectDirPath = "";
			projectReferences = (
				{
					ProductGroup = 075E8E17134271BF00C85B9B /* Products */;
					ProjectRef = 075E8E16134271BF00C85B9B /* RestKit.xcodeproj */;
				},
			);
			projectRoot = "";
			targets = (
				07DEFE411342710E00CFA705 /* CIAPI */,
				07DEFE4E1342710E00CFA705 /* CIAPITests */,
			);
		};
/* End PBXProject section */

/* Begin PBXReferenceProxy section */
		075E8E2B134271BF00C85B9B /* libRestKitNetwork.a */ = {
			isa = PBXReferenceProxy;
			fileType = archive.ar;
			path = libRestKitNetwork.a;
			remoteRef = 075E8E2A134271BF00C85B9B /* PBXContainerItemProxy */;
			sourceTree = BUILT_PRODUCTS_DIR;
		};
		075E8E2D134271BF00C85B9B /* libRestKitObjectMapping.a */ = {
			isa = PBXReferenceProxy;
			fileType = archive.ar;
			path = libRestKitObjectMapping.a;
			remoteRef = 075E8E2C134271BF00C85B9B /* PBXContainerItemProxy */;
			sourceTree = BUILT_PRODUCTS_DIR;
		};
		075E8E2F134271BF00C85B9B /* libRestKitSupport.a */ = {
			isa = PBXReferenceProxy;
			fileType = archive.ar;
			path = libRestKitSupport.a;
			remoteRef = 075E8E2E134271BF00C85B9B /* PBXContainerItemProxy */;
			sourceTree = BUILT_PRODUCTS_DIR;
		};
		075E8E31134271BF00C85B9B /* libRestKitJSONParserYAJL.a */ = {
			isa = PBXReferenceProxy;
			fileType = archive.ar;
			path = libRestKitJSONParserYAJL.a;
			remoteRef = 075E8E30134271BF00C85B9B /* PBXContainerItemProxy */;
			sourceTree = BUILT_PRODUCTS_DIR;
		};
		075E8E33134271BF00C85B9B /* libRestKitJSONParserSBJSON.a */ = {
			isa = PBXReferenceProxy;
			fileType = archive.ar;
			path = libRestKitJSONParserSBJSON.a;
			remoteRef = 075E8E32134271BF00C85B9B /* PBXContainerItemProxy */;
			sourceTree = BUILT_PRODUCTS_DIR;
		};
		075E8E35134271BF00C85B9B /* libRestKitJSONParserJSONKit.a */ = {
			isa = PBXReferenceProxy;
			fileType = archive.ar;
			path = libRestKitJSONParserJSONKit.a;
			remoteRef = 075E8E34134271BF00C85B9B /* PBXContainerItemProxy */;
			sourceTree = BUILT_PRODUCTS_DIR;
		};
		075E8E37134271BF00C85B9B /* libRestKitXMLParserLibxml.a */ = {
			isa = PBXReferenceProxy;
			fileType = archive.ar;
			path = libRestKitXMLParserLibxml.a;
			remoteRef = 075E8E36134271BF00C85B9B /* PBXContainerItemProxy */;
			sourceTree = BUILT_PRODUCTS_DIR;
		};
		075E8E39134271BF00C85B9B /* libRestKitCoreData.a */ = {
			isa = PBXReferenceProxy;
			fileType = archive.ar;
			path = libRestKitCoreData.a;
			remoteRef = 075E8E38134271BF00C85B9B /* PBXContainerItemProxy */;
			sourceTree = BUILT_PRODUCTS_DIR;
		};
		075E8E3B134271BF00C85B9B /* libRestKitThree20.a */ = {
			isa = PBXReferenceProxy;
			fileType = archive.ar;
			path = libRestKitThree20.a;
			remoteRef = 075E8E3A134271BF00C85B9B /* PBXContainerItemProxy */;
			sourceTree = BUILT_PRODUCTS_DIR;
		};
		075E8E3D134271BF00C85B9B /* UISpec.app */ = {
			isa = PBXReferenceProxy;
			fileType = wrapper.application;
			path = UISpec.app;
			remoteRef = 075E8E3C134271BF00C85B9B /* PBXContainerItemProxy */;
			sourceTree = BUILT_PRODUCTS_DIR;
		};
/* End PBXReferenceProxy section */

/* Begin PBXResourcesBuildPhase section */
		07DEFE4C1342710E00CFA705 /* Resources */ = {
			isa = PBXResourcesBuildPhase;
			buildActionMask = 2147483647;
			files = (
				07DEFE5D1342710E00CFA705 /* InfoPlist.strings in Resources */,
				07DEFE601342710E00CFA705 /* CIAPITests.h in Resources */,
			);
			runOnlyForDeploymentPostprocessing = 0;
		};
/* End PBXResourcesBuildPhase section */

/* Begin PBXShellScriptBuildPhase section */
		07DEFE4D1342710E00CFA705 /* ShellScript */ = {
			isa = PBXShellScriptBuildPhase;
			buildActionMask = 2147483647;
			files = (
			);
			inputPaths = (
			);
			outputPaths = (
			);
			runOnlyForDeploymentPostprocessing = 0;
			shellPath = /bin/sh;
			shellScript = "# Run the unit tests in this test bundle.\n\"${SYSTEM_DEVELOPER_DIR}/Tools/RunUnitTests\"\n";
		};
/* End PBXShellScriptBuildPhase section */

/* Begin PBXSourcesBuildPhase section */
		07DEFE3E1342710E00CFA705 /* Sources */ = {
			isa = PBXSourcesBuildPhase;
			buildActionMask = 2147483647;
			files = (
				075E8E421342724900C85B9B /* CIAPIClient.m in Sources */,
				07D54CFC1342737800DD2A60 /* LSClient.m in Sources */,
				07D54CFE1342737800DD2A60 /* LSException.m in Sources */,
				07D54D021342737800DD2A60 /* LSSession.m in Sources */,
				07D54D041342737800DD2A60 /* LSSession+Internals.m in Sources */,
				07D54D061342737800DD2A60 /* LSSessionOptions.m in Sources */,
				07D54D081342737800DD2A60 /* LSSessionOptions+Internals.m in Sources */,
				07D54D0A1342737800DD2A60 /* LSUnchangedValue.m in Sources */,
				075A1FAF134B717D0012A094 /* CIAPIApiActiveStopLimitOrder.m in Sources */,
				075A1FB1134B717D0012A094 /* CIAPIApiBasicStopLimitOrder.m in Sources */,
				075A1FB3134B717D0012A094 /* CIAPIApiIfDoneResponse.m in Sources */,
				075A1FB5134B717D0012A094 /* CIAPIApiOpenPosition.m in Sources */,
				075A1FB7134B717D0012A094 /* CIAPIApiOrderResponse.m in Sources */,
				075A1FB9134B717D0012A094 /* CIAPIApiQuoteResponse.m in Sources */,
				075A1FBB134B717D0012A094 /* CIAPIApiStopLimitOrderHistory.m in Sources */,
				075A1FBD134B717D0012A094 /* CIAPIApiStopLimitResponse.m in Sources */,
				075A1FBF134B717D0012A094 /* CIAPIApiTradeHistory.m in Sources */,
				075A1FC1134B717D0012A094 /* CIAPIApiTradeOrderResponse.m in Sources */,
				075A1FC3134B717D0012A094 /* CIAPICancelOrderRequest.m in Sources */,
				075A1FC5134B717D0012A094 /* CIAPIClientAccountMargin.m in Sources */,
				075A1FC7134B717D0012A094 /* CIAPICreateSessionResponse.m in Sources */,
				075A1FCA134B717D0012A094 /* CIAPIErrorResponse.m in Sources */,
				075A1FCC134B717D0012A094 /* CIAPIG2SessionValidationResponse.m in Sources */,
				075A1FCE134B717D0012A094 /* CIAPIGatewayIfDone.m in Sources */,
				075A1FD0134B717D0012A094 /* CIAPIGatewayOrder.m in Sources */,
				075A1FD2134B717D0012A094 /* CIAPIGatewayStopLimitOrder.m in Sources */,
				075A1FD4134B717D0012A094 /* CIAPIGetNewsDetailResponse.m in Sources */,
				075A1FD6134B717D0012A094 /* CIAPIGetPriceBarResponse.m in Sources */,
				075A1FD8134B717D0012A094 /* CIAPIGetPriceTickResponse.m in Sources */,
				075A1FDA134B717D0012A094 /* CIAPIListActiveStopLimitOrderResponse.m in Sources */,
				075A1FDC134B717D0012A094 /* CIAPIListCfdMarketsResponse.m in Sources */,
				075A1FDE134B717D0012A094 /* CIAPIListNewsHeadlinesResponse.m in Sources */,
				075A1FE0134B717D0012A094 /* CIAPIListOpenPositionsResponse.m in Sources */,
				075A1FE2134B717D0012A094 /* CIAPIListOrdersResponse.m in Sources */,
				075A1FE4134B717D0012A094 /* CIAPIListSpreadMarketsResponse.m in Sources */,
				075A1FE6134B717D0012A094 /* CIAPIListStopLimitOrderHistoryResponse.m in Sources */,
				075A1FE8134B717D0012A094 /* CIAPIListTradeHistoryResponse.m in Sources */,
				075A1FEA134B717D0012A094 /* CIAPILogOnRequest.m in Sources */,
				075A1FEC134B717D0012A094 /* CIAPIMarket.m in Sources */,
				075A1FEE134B717D0012A094 /* CIAPINews.m in Sources */,
				075A1FF0134B717D0012A094 /* CIAPINewsDetail.m in Sources */,
				075A1FF2134B717D0012A094 /* CIAPINewStopLimitOrderRequest.m in Sources */,
				075A1FF4134B717D0012A094 /* CIAPINewTradeOrderRequest.m in Sources */,
				075A1FF6134B717D0012A094 /* CIAPIOcoOrderRequest.m in Sources */,
				075A1FF8134B717D0012A094 /* CIAPIOrder.m in Sources */,
				075A1FFA134B717D0012A094 /* CIAPIPrice.m in Sources */,
				075A1FFC134B717D0012A094 /* CIAPIPriceBar.m in Sources */,
				075A1FFE134B717D0012A094 /* CIAPIPriceTick.m in Sources */,
				075A2000134B717D0012A094 /* CIAPIQuote.m in Sources */,
				075A2002134B717D0012A094 /* CIAPISessionDeletionRequest.m in Sources */,
				075A2004134B717D0012A094 /* CIAPISessionDeletionResponse.m in Sources */,
				076AF1C6134FC4510049972E /* CIAPIAuthenticator.m in Sources */,
				076AF1CC135093070049972E /* CIAPIObjectRequest.m in Sources */,
				076AF1E1135231470049972E /* CIAPIRequestToken.m in Sources */,
				07599401136C69C90040D454 /* ObjectPropertiesJSONMapper.m in Sources */,
				07599405136D8DCE0040D454 /* CIAPIObjectResponse.m in Sources */,
				07599409136D8F670040D454 /* CIAPIGetClientAndTradingAccountRequest.m in Sources */,
				0759940F136D905A0040D454 /* CIAPIAccountInformationResponse.m in Sources */,
				07599414136D91170040D454 /* CIAPITradingAccount.m in Sources */,
				0759941D136DB62C0040D454 /* CIAPIObjectListResponse.m in Sources */,
			);
			runOnlyForDeploymentPostprocessing = 0;
		};
		07DEFE4A1342710E00CFA705 /* Sources */ = {
			isa = PBXSourcesBuildPhase;
			buildActionMask = 2147483647;
			files = (
				076AF22013524D9E0049972E /* AuthenticatorTests.m in Sources */,
				07DEFE621342710E00CFA705 /* CIAPITests.m in Sources */,
				07599419136D94800040D454 /* DTORequests.m in Sources */,
			);
			runOnlyForDeploymentPostprocessing = 0;
		};
/* End PBXSourcesBuildPhase section */

/* Begin PBXTargetDependency section */
		07DEFE561342710E00CFA705 /* PBXTargetDependency */ = {
			isa = PBXTargetDependency;
			target = 07DEFE411342710E00CFA705 /* CIAPI */;
			targetProxy = 07DEFE551342710E00CFA705 /* PBXContainerItemProxy */;
		};
/* End PBXTargetDependency section */

/* Begin PBXVariantGroup section */
		07DEFE5B1342710E00CFA705 /* InfoPlist.strings */ = {
			isa = PBXVariantGroup;
			children = (
				07DEFE5C1342710E00CFA705 /* en */,
			);
			name = InfoPlist.strings;
			sourceTree = "<group>";
		};
/* End PBXVariantGroup section */

/* Begin XCBuildConfiguration section */
		07DEFE631342710E00CFA705 /* Debug */ = {
			isa = XCBuildConfiguration;
			buildSettings = {
				ARCHS = "$(ARCHS_STANDARD_32_BIT)";
				GCC_C_LANGUAGE_STANDARD = gnu99;
				GCC_OPTIMIZATION_LEVEL = 0;
				GCC_PREPROCESSOR_DEFINITIONS = DEBUG;
				GCC_SYMBOLS_PRIVATE_EXTERN = NO;
				GCC_VERSION = com.apple.compilers.llvmgcc42;
				GCC_WARN_ABOUT_RETURN_TYPE = YES;
				GCC_WARN_UNUSED_VARIABLE = YES;
				HEADER_SEARCH_PATHS = ../RestKit/Build;
				IPHONEOS_DEPLOYMENT_TARGET = 4.3;
				OTHER_LDFLAGS = (
					"-ObjC",
					"-all_load",
				);
				SDKROOT = iphoneos;
			};
			name = Debug;
		};
		07DEFE641342710E00CFA705 /* Release */ = {
			isa = XCBuildConfiguration;
			buildSettings = {
				ARCHS = "$(ARCHS_STANDARD_32_BIT)";
				GCC_C_LANGUAGE_STANDARD = gnu99;
				GCC_VERSION = com.apple.compilers.llvmgcc42;
				GCC_WARN_ABOUT_RETURN_TYPE = YES;
				GCC_WARN_UNUSED_VARIABLE = YES;
				HEADER_SEARCH_PATHS = ../RestKit/Build;
				IPHONEOS_DEPLOYMENT_TARGET = 4.3;
				OTHER_LDFLAGS = (
					"-ObjC",
					"-all_load",
				);
				SDKROOT = iphoneos;
			};
			name = Release;
		};
		07DEFE661342710E00CFA705 /* Debug */ = {
			isa = XCBuildConfiguration;
			buildSettings = {
				ALWAYS_SEARCH_USER_PATHS = NO;
				DSTROOT = /tmp/CIAPI.dst;
				GCC_PRECOMPILE_PREFIX_HEADER = YES;
				GCC_PREFIX_HEADER = "CIAPI/CIAPI-Prefix.pch";
				OTHER_LDFLAGS = (
					"-ObjC",
					"-all_load",
				);
				PRODUCT_NAME = "$(TARGET_NAME)";
			};
			name = Debug;
		};
		07DEFE671342710E00CFA705 /* Release */ = {
			isa = XCBuildConfiguration;
			buildSettings = {
				ALWAYS_SEARCH_USER_PATHS = NO;
				DSTROOT = /tmp/CIAPI.dst;
				GCC_PRECOMPILE_PREFIX_HEADER = YES;
				GCC_PREFIX_HEADER = "CIAPI/CIAPI-Prefix.pch";
				OTHER_LDFLAGS = (
					"-ObjC",
					"-all_load",
				);
				PRODUCT_NAME = "$(TARGET_NAME)";
			};
			name = Release;
		};
		07DEFE691342710E00CFA705 /* Debug */ = {
			isa = XCBuildConfiguration;
			buildSettings = {
				ALWAYS_SEARCH_USER_PATHS = NO;
				FRAMEWORK_SEARCH_PATHS = (
					"$(SDKROOT)/Developer/Library/Frameworks",
					"$(DEVELOPER_LIBRARY_DIR)/Frameworks",
				);
				GCC_PRECOMPILE_PREFIX_HEADER = YES;
				GCC_PREFIX_HEADER = "CIAPITests/CIAPITests-Prefix.pch";
				INFOPLIST_FILE = "CIAPITests/CIAPITests-Info.plist";
				OTHER_LDFLAGS = (
					"-framework",
					SenTestingKit,
					"-all_load",
					"-ObjC",
				);
				PRODUCT_NAME = "$(TARGET_NAME)";
				WRAPPER_EXTENSION = octest;
			};
			name = Debug;
		};
		07DEFE6A1342710E00CFA705 /* Release */ = {
			isa = XCBuildConfiguration;
			buildSettings = {
				ALWAYS_SEARCH_USER_PATHS = NO;
				FRAMEWORK_SEARCH_PATHS = (
					"$(SDKROOT)/Developer/Library/Frameworks",
					"$(DEVELOPER_LIBRARY_DIR)/Frameworks",
				);
				GCC_PRECOMPILE_PREFIX_HEADER = YES;
				GCC_PREFIX_HEADER = "CIAPITests/CIAPITests-Prefix.pch";
				INFOPLIST_FILE = "CIAPITests/CIAPITests-Info.plist";
				OTHER_LDFLAGS = (
					"-framework",
					SenTestingKit,
					"-all_load",
					"-ObjC",
				);
				PRODUCT_NAME = "$(TARGET_NAME)";
				WRAPPER_EXTENSION = octest;
			};
			name = Release;
		};
/* End XCBuildConfiguration section */

/* Begin XCConfigurationList section */
		07DEFE3C1342710E00CFA705 /* Build configuration list for PBXProject "CIAPI" */ = {
			isa = XCConfigurationList;
			buildConfigurations = (
				07DEFE631342710E00CFA705 /* Debug */,
				07DEFE641342710E00CFA705 /* Release */,
			);
			defaultConfigurationIsVisible = 0;
			defaultConfigurationName = Release;
		};
		07DEFE651342710E00CFA705 /* Build configuration list for PBXNativeTarget "CIAPI" */ = {
			isa = XCConfigurationList;
			buildConfigurations = (
				07DEFE661342710E00CFA705 /* Debug */,
				07DEFE671342710E00CFA705 /* Release */,
			);
			defaultConfigurationIsVisible = 0;
			defaultConfigurationName = Release;
		};
		07DEFE681342710E00CFA705 /* Build configuration list for PBXNativeTarget "CIAPITests" */ = {
			isa = XCConfigurationList;
			buildConfigurations = (
				07DEFE691342710E00CFA705 /* Debug */,
				07DEFE6A1342710E00CFA705 /* Release */,
			);
			defaultConfigurationIsVisible = 0;
			defaultConfigurationName = Release;
		};
/* End XCConfigurationList section */
	};
	rootObject = 07DEFE391342710E00CFA705 /* Project object */;
}
